
Microsoft Visual Studio Solution File, Format Version 11.00
# Visual Studio 2010
Project("{FAE04EC0-301F-11D3-BF4B-00C04F79EFBC}") = "UtilLib", "UtilLib\UtilLib.csproj", "{58E39BFE-20D5-4C8D-BCFC-6B5E641C2DFF}"
EndProject
Project("{FAE04EC0-301F-11D3-BF4B-00C04F79EFBC}") = "ConsoleTest", "ConsoleTest\ConsoleTest.csproj", "{B355EB5C-BEA8-4748-9EFC-0607EE26200A}"
EndProject
Project("{FAE04EC0-301F-11D3-BF4B-00C04F79EFBC}") = "GridProxy", "..\..\..\libopenmetaverse\Programs\GridProxy\GridProxy.csproj", "{2B2F8C8E-39CF-4818-A622-369A7FC61E15}"
EndProject
Project("{FAE04EC0-301F-11D3-BF4B-00C04F79EFBC}") = "WinGridProxy", "..\..\..\libopenmetaverse\Programs\WinGridProxy\WinGridProxy.csproj", "{06814C06-7A7B-4EF5-A01B-B38BED6AA904}"
EndProject
Project("{FAE04EC0-301F-11D3-BF4B-00C04F79EFBC}") = "ArmadilloProxy", "ArmadilloProxy\ArmadilloProxy.csproj", "{C4A96637-6530-4AA1-8765-674200CF23A1}"
EndProject
Project("{FAE04EC0-301F-11D3-BF4B-00C04F79EFBC}") = "ArmadilloMasterGUI", "ArmadilloMasterGUI\ArmadilloMasterGUI.csproj", "{1B9330BE-739B-4F26-995D-D257DBBEA415}"
EndProject
Project("{FAE04EC0-301F-11D3-BF4B-00C04F79EFBC}") = "ArmadilloSlaveGUI", "ArmadilloSlaveGUI\ArmadilloSlaveGUI.csproj", "{416F1E9A-E257-40AE-AFFE-3F97FECA24EF}"
EndProject
Project("{FAE04EC0-301F-11D3-BF4B-00C04F79EFBC}") = "ArmadilloMaster", "ArmadilloMaster\ArmadilloMaster.csproj", "{E15D815C-59D1-4C81-8BAE-50430DBA2110}"
EndProject
Project("{FAE04EC0-301F-11D3-BF4B-00C04F79EFBC}") = "ArmadilloSlave", "ArmadilloSlave\ArmadilloSlave.csproj", "{995A89EB-F262-4052-B1D6-C9C1090049A7}"
EndProject
Project("{FAE04EC0-301F-11D3-BF4B-00C04F79EFBC}") = "MasterProxy", "MasterProxy\MasterProxy.csproj", "{54C02A60-6B57-4AFC-BFEE-C4D3963F5685}"
EndProject
Global
	GlobalSection(SolutionConfigurationPlatforms) = preSolution
		Debug|Any CPU = Debug|Any CPU
		Debug|Mixed Platforms = Debug|Mixed Platforms
		Debug|x86 = Debug|x86
		Release|Any CPU = Release|Any CPU
		Release|Mixed Platforms = Release|Mixed Platforms
		Release|x86 = Release|x86
	EndGlobalSection
	GlobalSection(ProjectConfigurationPlatforms) = postSolution
		{58E39BFE-20D5-4C8D-BCFC-6B5E641C2DFF}.Debug|Any CPU.ActiveCfg = Debug|Any CPU
		{58E39BFE-20D5-4C8D-BCFC-6B5E641C2DFF}.Debug|Any CPU.Build.0 = Debug|Any CPU
		{58E39BFE-20D5-4C8D-BCFC-6B5E641C2DFF}.Debug|Mixed Platforms.ActiveCfg = Debug|Any CPU
		{58E39BFE-20D5-4C8D-BCFC-6B5E641C2DFF}.Debug|Mixed Platforms.Build.0 = Debug|Any CPU
		{58E39BFE-20D5-4C8D-BCFC-6B5E641C2DFF}.Debug|x86.ActiveCfg = Debug|Any CPU
		{58E39BFE-20D5-4C8D-BCFC-6B5E641C2DFF}.Release|Any CPU.ActiveCfg = Release|Any CPU
		{58E39BFE-20D5-4C8D-BCFC-6B5E641C2DFF}.Release|Any CPU.Build.0 = Release|Any CPU
		{58E39BFE-20D5-4C8D-BCFC-6B5E641C2DFF}.Release|Mixed Platforms.ActiveCfg = Release|Any CPU
		{58E39BFE-20D5-4C8D-BCFC-6B5E641C2DFF}.Release|Mixed Platforms.Build.0 = Release|Any CPU
		{58E39BFE-20D5-4C8D-BCFC-6B5E641C2DFF}.Release|x86.ActiveCfg = Release|Any CPU
		{B355EB5C-BEA8-4748-9EFC-0607EE26200A}.Debug|Any CPU.ActiveCfg = Debug|x86
		{B355EB5C-BEA8-4748-9EFC-0607EE26200A}.Debug|Mixed Platforms.ActiveCfg = Debug|x86
		{B355EB5C-BEA8-4748-9EFC-0607EE26200A}.Debug|Mixed Platforms.Build.0 = Debug|x86
		{B355EB5C-BEA8-4748-9EFC-0607EE26200A}.Debug|x86.ActiveCfg = Debug|x86
		{B355EB5C-BEA8-4748-9EFC-0607EE26200A}.Debug|x86.Build.0 = Debug|x86
		{B355EB5C-BEA8-4748-9EFC-0607EE26200A}.Release|Any CPU.ActiveCfg = Release|x86
		{B355EB5C-BEA8-4748-9EFC-0607EE26200A}.Release|Mixed Platforms.ActiveCfg = Release|x86
		{B355EB5C-BEA8-4748-9EFC-0607EE26200A}.Release|Mixed Platforms.Build.0 = Release|x86
		{B355EB5C-BEA8-4748-9EFC-0607EE26200A}.Release|x86.ActiveCfg = Release|x86
		{B355EB5C-BEA8-4748-9EFC-0607EE26200A}.Release|x86.Build.0 = Release|x86
		{2B2F8C8E-39CF-4818-A622-369A7FC61E15}.Debug|Any CPU.ActiveCfg = Debug|Any CPU
		{2B2F8C8E-39CF-4818-A622-369A7FC61E15}.Debug|Any CPU.Build.0 = Debug|Any CPU
		{2B2F8C8E-39CF-4818-A622-369A7FC61E15}.Debug|Mixed Platforms.ActiveCfg = Debug|Any CPU
		{2B2F8C8E-39CF-4818-A622-369A7FC61E15}.Debug|Mixed Platforms.Build.0 = Debug|Any CPU
		{2B2F8C8E-39CF-4818-A622-369A7FC61E15}.Debug|x86.ActiveCfg = Debug|Any CPU
		{2B2F8C8E-39CF-4818-A622-369A7FC61E15}.Release|Any CPU.ActiveCfg = Release|Any CPU
		{2B2F8C8E-39CF-4818-A622-369A7FC61E15}.Release|Any CPU.Build.0 = Release|Any CPU
		{2B2F8C8E-39CF-4818-A622-369A7FC61E15}.Release|Mixed Platforms.ActiveCfg = Release|Any CPU
		{2B2F8C8E-39CF-4818-A622-369A7FC61E15}.Release|Mixed Platforms.Build.0 = Release|Any CPU
		{2B2F8C8E-39CF-4818-A622-369A7FC61E15}.Release|x86.ActiveCfg = Release|Any CPU
		{06814C06-7A7B-4EF5-A01B-B38BED6AA904}.Debug|Any CPU.ActiveCfg = Debug|Any CPU
		{06814C06-7A7B-4EF5-A01B-B38BED6AA904}.Debug|Any CPU.Build.0 = Debug|Any CPU
		{06814C06-7A7B-4EF5-A01B-B38BED6AA904}.Debug|Mixed Platforms.ActiveCfg = Debug|Any CPU
		{06814C06-7A7B-4EF5-A01B-B38BED6AA904}.Debug|Mixed Platforms.Build.0 = Debug|Any CPU
		{06814C06-7A7B-4EF5-A01B-B38BED6AA904}.Debug|x86.ActiveCfg = Debug|Any CPU
		{06814C06-7A7B-4EF5-A01B-B38BED6AA904}.Release|Any CPU.ActiveCfg = Release|Any CPU
		{06814C06-7A7B-4EF5-A01B-B38BED6AA904}.Release|Any CPU.Build.0 = Release|Any CPU
		{06814C06-7A7B-4EF5-A01B-B38BED6AA904}.Release|Mixed Platforms.ActiveCfg = Release|Any CPU
		{06814C06-7A7B-4EF5-A01B-B38BED6AA904}.Release|Mixed Platforms.Build.0 = Release|Any CPU
		{06814C06-7A7B-4EF5-A01B-B38BED6AA904}.Release|x86.ActiveCfg = Release|Any CPU
		{C4A96637-6530-4AA1-8765-674200CF23A1}.Debug|Any CPU.ActiveCfg = Debug|x86
		{C4A96637-6530-4AA1-8765-674200CF23A1}.Debug|Mixed Platforms.ActiveCfg = Debug|x86
		{C4A96637-6530-4AA1-8765-674200CF23A1}.Debug|Mixed Platforms.Build.0 = Debug|x86
		{C4A96637-6530-4AA1-8765-674200CF23A1}.Debug|x86.ActiveCfg = Debug|x86
		{C4A96637-6530-4AA1-8765-674200CF23A1}.Debug|x86.Build.0 = Debug|x86
		{C4A96637-6530-4AA1-8765-674200CF23A1}.Release|Any CPU.ActiveCfg = Release|x86
		{C4A96637-6530-4AA1-8765-674200CF23A1}.Release|Mixed Platforms.ActiveCfg = Release|x86
		{C4A96637-6530-4AA1-8765-674200CF23A1}.Release|Mixed Platforms.Build.0 = Release|x86
		{C4A96637-6530-4AA1-8765-674200CF23A1}.Release|x86.ActiveCfg = Release|x86
		{C4A96637-6530-4AA1-8765-674200CF23A1}.Release|x86.Build.0 = Release|x86
		{1B9330BE-739B-4F26-995D-D257DBBEA415}.Debug|Any CPU.ActiveCfg = Debug|x86
		{1B9330BE-739B-4F26-995D-D257DBBEA415}.Debug|Mixed Platforms.ActiveCfg = Debug|x86
		{1B9330BE-739B-4F26-995D-D257DBBEA415}.Debug|Mixed Platforms.Build.0 = Debug|x86
		{1B9330BE-739B-4F26-995D-D257DBBEA415}.Debug|x86.ActiveCfg = Debug|x86
		{1B9330BE-739B-4F26-995D-D257DBBEA415}.Debug|x86.Build.0 = Debug|x86
		{1B9330BE-739B-4F26-995D-D257DBBEA415}.Release|Any CPU.ActiveCfg = Release|x86
		{1B9330BE-739B-4F26-995D-D257DBBEA415}.Release|Mixed Platforms.ActiveCfg = Release|x86
		{1B9330BE-739B-4F26-995D-D257DBBEA415}.Release|Mixed Platforms.Build.0 = Release|x86
		{1B9330BE-739B-4F26-995D-D257DBBEA415}.Release|x86.ActiveCfg = Release|x86
		{1B9330BE-739B-4F26-995D-D257DBBEA415}.Release|x86.Build.0 = Release|x86
		{416F1E9A-E257-40AE-AFFE-3F97FECA24EF}.Debug|Any CPU.ActiveCfg = Debug|x86
		{416F1E9A-E257-40AE-AFFE-3F97FECA24EF}.Debug|Mixed Platforms.ActiveCfg = Debug|x86
		{416F1E9A-E257-40AE-AFFE-3F97FECA24EF}.Debug|Mixed Platforms.Build.0 = Debug|x86
		{416F1E9A-E257-40AE-AFFE-3F97FECA24EF}.Debug|x86.ActiveCfg = Debug|x86
		{416F1E9A-E257-40AE-AFFE-3F97FECA24EF}.Debug|x86.Build.0 = Debug|x86
		{416F1E9A-E257-40AE-AFFE-3F97FECA24EF}.Release|Any CPU.ActiveCfg = Release|x86
		{416F1E9A-E257-40AE-AFFE-3F97FECA24EF}.Release|Mixed Platforms.ActiveCfg = Release|x86
		{416F1E9A-E257-40AE-AFFE-3F97FECA24EF}.Release|Mixed Platforms.Build.0 = Release|x86
		{416F1E9A-E257-40AE-AFFE-3F97FECA24EF}.Release|x86.ActiveCfg = Release|x86
		{416F1E9A-E257-40AE-AFFE-3F97FECA24EF}.Release|x86.Build.0 = Release|x86
		{E15D815C-59D1-4C81-8BAE-50430DBA2110}.Debug|Any CPU.ActiveCfg = Debug|x86
		{E15D815C-59D1-4C81-8BAE-50430DBA2110}.Debug|Mixed Platforms.ActiveCfg = Debug|x86
		{E15D815C-59D1-4C81-8BAE-50430DBA2110}.Debug|Mixed Platforms.Build.0 = Debug|x86
		{E15D815C-59D1-4C81-8BAE-50430DBA2110}.Debug|x86.ActiveCfg = Debug|x86
		{E15D815C-59D1-4C81-8BAE-50430DBA2110}.Debug|x86.Build.0 = Debug|x86
		{E15D815C-59D1-4C81-8BAE-50430DBA2110}.Release|Any CPU.ActiveCfg = Release|x86
		{E15D815C-59D1-4C81-8BAE-50430DBA2110}.Release|Mixed Platforms.ActiveCfg = Release|x86
		{E15D815C-59D1-4C81-8BAE-50430DBA2110}.Release|Mixed Platforms.Build.0 = Release|x86
		{E15D815C-59D1-4C81-8BAE-50430DBA2110}.Release|x86.ActiveCfg = Release|x86
		{E15D815C-59D1-4C81-8BAE-50430DBA2110}.Release|x86.Build.0 = Release|x86
		{995A89EB-F262-4052-B1D6-C9C1090049A7}.Debug|Any CPU.ActiveCfg = Debug|x86
		{995A89EB-F262-4052-B1D6-C9C1090049A7}.Debug|Mixed Platforms.ActiveCfg = Debug|x86
		{995A89EB-F262-4052-B1D6-C9C1090049A7}.Debug|Mixed Platforms.Build.0 = Debug|x86
		{995A89EB-F262-4052-B1D6-C9C1090049A7}.Debug|x86.ActiveCfg = Debug|x86
		{995A89EB-F262-4052-B1D6-C9C1090049A7}.Debug|x86.Build.0 = Debug|x86
		{995A89EB-F262-4052-B1D6-C9C1090049A7}.Release|Any CPU.ActiveCfg = Release|x86
		{995A89EB-F262-4052-B1D6-C9C1090049A7}.Release|Mixed Platforms.ActiveCfg = Release|x86
		{995A89EB-F262-4052-B1D6-C9C1090049A7}.Release|Mixed Platforms.Build.0 = Release|x86
		{995A89EB-F262-4052-B1D6-C9C1090049A7}.Release|x86.ActiveCfg = Release|x86
		{995A89EB-F262-4052-B1D6-C9C1090049A7}.Release|x86.Build.0 = Release|x86
		{54C02A60-6B57-4AFC-BFEE-C4D3963F5685}.Debug|Any CPU.ActiveCfg = Debug|x86
		{54C02A60-6B57-4AFC-BFEE-C4D3963F5685}.Debug|Mixed Platforms.ActiveCfg = Debug|x86
		{54C02A60-6B57-4AFC-BFEE-C4D3963F5685}.Debug|Mixed Platforms.Build.0 = Debug|x86
		{54C02A60-6B57-4AFC-BFEE-C4D3963F5685}.Debug|x86.ActiveCfg = Debug|x86
		{54C02A60-6B57-4AFC-BFEE-C4D3963F5685}.Debug|x86.Build.0 = Debug|x86
		{54C02A60-6B57-4AFC-BFEE-C4D3963F5685}.Release|Any CPU.ActiveCfg = Release|x86
		{54C02A60-6B57-4AFC-BFEE-C4D3963F5685}.Release|Mixed Platforms.ActiveCfg = Release|x86
		{54C02A60-6B57-4AFC-BFEE-C4D3963F5685}.Release|Mixed Platforms.Build.0 = Release|x86
		{54C02A60-6B57-4AFC-BFEE-C4D3963F5685}.Release|x86.ActiveCfg = Release|x86
		{54C02A60-6B57-4AFC-BFEE-C4D3963F5685}.Release|x86.Build.0 = Release|x86
	EndGlobalSection
	GlobalSection(SolutionProperties) = preSolution
		HideSolutionNode = FALSE
	EndGlobalSection
EndGlobal
