
Microsoft Visual Studio Solution File, Format Version 11.00
# Visual Studio 2010
Project("{FAE04EC0-301F-11D3-BF4B-00C04F79EFBC}") = "Chimera", "Chimera\Chimera.csproj", "{C4A96637-6530-4AA1-8765-674200CF23A1}"
EndProject
Project("{FAE04EC0-301F-11D3-BF4B-00C04F79EFBC}") = "ChimeraLib", "ChimeraLib\ChimeraLib.csproj", "{58E39BFE-20D5-4C8D-BCFC-6B5E641C2DFF}"
EndProject
Project("{FAE04EC0-301F-11D3-BF4B-00C04F79EFBC}") = "FlythroughLib", "FlythroughLib\FlythroughLib.csproj", "{D0708045-6CCA-4764-B438-A2D6E8635978}"
EndProject
Project("{FAE04EC0-301F-11D3-BF4B-00C04F79EFBC}") = "KinectLib", "KinectLib\KinectLib.csproj", "{D9D475BF-C0EE-4DF6-89A3-55199BB32ABE}"
EndProject
Project("{FAE04EC0-301F-11D3-BF4B-00C04F79EFBC}") = "JoystickLib", "JoystickLib\JoystickLib.csproj", "{C184F128-6AE6-43D7-922E-B706E7B4E576}"
EndProject
Project("{FAE04EC0-301F-11D3-BF4B-00C04F79EFBC}") = "OpenSimLib", "OpenSimLib\OpenSimLib.csproj", "{D1978D10-E5B0-40F9-BDB7-11BF03C7A6CB}"
EndProject
Project("{FAE04EC0-301F-11D3-BF4B-00C04F79EFBC}") = "OverlayLib", "OverlayLib\OverlayLib.csproj", "{F1421BBF-6313-4C3D-9AF4-1898528728D0}"
EndProject
Project("{FAE04EC0-301F-11D3-BF4B-00C04F79EFBC}") = "RemoteControlLib", "RemoteControlLib\RemoteControlLib.csproj", "{D5C5A295-5210-418E-85DD-CACB2FBCD863}"
EndProject
Project("{FAE04EC0-301F-11D3-BF4B-00C04F79EFBC}") = "RemoteControl", "RemoteControl\RemoteControl.csproj", "{22F020D0-3A7E-4E76-B008-AD9E26F85D21}"
EndProject
Project("{2150E333-8FDC-42A3-9474-1A3956D46DE8}") = "Solution Items", "Solution Items", "{B9A989E6-1E90-480B-82DE-D625A4F98B93}"
EndProject
Project("{FAE04EC0-301F-11D3-BF4B-00C04F79EFBC}") = "TouchscreenLib", "TouchscreenLib\TouchscreenLib.csproj", "{7780A366-F9CE-4E9F-8C91-0763F73A3A8A}"
EndProject
Project("{FAE04EC0-301F-11D3-BF4B-00C04F79EFBC}") = "WindowsMediaPlayerLib", "WindowsMediaPlayerLib\WindowsMediaPlayerLib.csproj", "{ED985A0A-C964-494D-88BB-E78ACE4F13D1}"
EndProject
Project("{2150E333-8FDC-42A3-9474-1A3956D46DE8}") = "Config", "Config", "{F40686D4-BDE8-42A7-BFB8-C64B3AEC4FC4}"
EndProject
Project("{2150E333-8FDC-42A3-9474-1A3956D46DE8}") = "Common", "Common", "{B3C71188-8BD1-4C4E-BF37-D2D1BB04DA5F}"
EndProject
Project("{FAE04EC0-301F-11D3-BF4B-00C04F79EFBC}") = "LauncherLib", "LauncherLib\LauncherLib.csproj", "{FE0EAF99-0485-4B17-BFCD-D5D9A2890DB3}"
EndProject
Global
	GlobalSection(SolutionConfigurationPlatforms) = preSolution
		Debug|Any CPU = Debug|Any CPU
		Debug|Mixed Platforms = Debug|Mixed Platforms
		Debug|x86 = Debug|x86
		Release|Any CPU = Release|Any CPU
		Release|Mixed Platforms = Release|Mixed Platforms
		Release|x86 = Release|x86
	EndGlobalSection
	GlobalSection(ProjectConfigurationPlatforms) = postSolution
		{C4A96637-6530-4AA1-8765-674200CF23A1}.Debug|Any CPU.ActiveCfg = Debug|x86
		{C4A96637-6530-4AA1-8765-674200CF23A1}.Debug|Mixed Platforms.ActiveCfg = Debug|x86
		{C4A96637-6530-4AA1-8765-674200CF23A1}.Debug|Mixed Platforms.Build.0 = Debug|x86
		{C4A96637-6530-4AA1-8765-674200CF23A1}.Debug|x86.ActiveCfg = Debug|x86
		{C4A96637-6530-4AA1-8765-674200CF23A1}.Debug|x86.Build.0 = Debug|x86
		{C4A96637-6530-4AA1-8765-674200CF23A1}.Release|Any CPU.ActiveCfg = Release|x86
		{C4A96637-6530-4AA1-8765-674200CF23A1}.Release|Mixed Platforms.ActiveCfg = Release|x86
		{C4A96637-6530-4AA1-8765-674200CF23A1}.Release|Mixed Platforms.Build.0 = Release|x86
		{C4A96637-6530-4AA1-8765-674200CF23A1}.Release|x86.ActiveCfg = Release|x86
		{C4A96637-6530-4AA1-8765-674200CF23A1}.Release|x86.Build.0 = Release|x86
		{58E39BFE-20D5-4C8D-BCFC-6B5E641C2DFF}.Debug|Any CPU.ActiveCfg = Debug|Any CPU
		{58E39BFE-20D5-4C8D-BCFC-6B5E641C2DFF}.Debug|Any CPU.Build.0 = Debug|Any CPU
		{58E39BFE-20D5-4C8D-BCFC-6B5E641C2DFF}.Debug|Mixed Platforms.ActiveCfg = Debug|Any CPU
		{58E39BFE-20D5-4C8D-BCFC-6B5E641C2DFF}.Debug|Mixed Platforms.Build.0 = Debug|Any CPU
		{58E39BFE-20D5-4C8D-BCFC-6B5E641C2DFF}.Debug|x86.ActiveCfg = Debug|Any CPU
		{58E39BFE-20D5-4C8D-BCFC-6B5E641C2DFF}.Release|Any CPU.ActiveCfg = Release|Any CPU
		{58E39BFE-20D5-4C8D-BCFC-6B5E641C2DFF}.Release|Any CPU.Build.0 = Release|Any CPU
		{58E39BFE-20D5-4C8D-BCFC-6B5E641C2DFF}.Release|Mixed Platforms.ActiveCfg = Release|Any CPU
		{58E39BFE-20D5-4C8D-BCFC-6B5E641C2DFF}.Release|Mixed Platforms.Build.0 = Release|Any CPU
		{58E39BFE-20D5-4C8D-BCFC-6B5E641C2DFF}.Release|x86.ActiveCfg = Release|Any CPU
		{D0708045-6CCA-4764-B438-A2D6E8635978}.Debug|Any CPU.ActiveCfg = Debug|Any CPU
		{D0708045-6CCA-4764-B438-A2D6E8635978}.Debug|Any CPU.Build.0 = Debug|Any CPU
		{D0708045-6CCA-4764-B438-A2D6E8635978}.Debug|Mixed Platforms.ActiveCfg = Debug|Any CPU
		{D0708045-6CCA-4764-B438-A2D6E8635978}.Debug|Mixed Platforms.Build.0 = Debug|Any CPU
		{D0708045-6CCA-4764-B438-A2D6E8635978}.Debug|x86.ActiveCfg = Debug|Any CPU
		{D0708045-6CCA-4764-B438-A2D6E8635978}.Release|Any CPU.ActiveCfg = Release|Any CPU
		{D0708045-6CCA-4764-B438-A2D6E8635978}.Release|Any CPU.Build.0 = Release|Any CPU
		{D0708045-6CCA-4764-B438-A2D6E8635978}.Release|Mixed Platforms.ActiveCfg = Release|Any CPU
		{D0708045-6CCA-4764-B438-A2D6E8635978}.Release|Mixed Platforms.Build.0 = Release|Any CPU
		{D0708045-6CCA-4764-B438-A2D6E8635978}.Release|x86.ActiveCfg = Release|Any CPU
		{D9D475BF-C0EE-4DF6-89A3-55199BB32ABE}.Debug|Any CPU.ActiveCfg = Debug|Any CPU
		{D9D475BF-C0EE-4DF6-89A3-55199BB32ABE}.Debug|Any CPU.Build.0 = Debug|Any CPU
		{D9D475BF-C0EE-4DF6-89A3-55199BB32ABE}.Debug|Mixed Platforms.ActiveCfg = Debug|Any CPU
		{D9D475BF-C0EE-4DF6-89A3-55199BB32ABE}.Debug|Mixed Platforms.Build.0 = Debug|Any CPU
		{D9D475BF-C0EE-4DF6-89A3-55199BB32ABE}.Debug|x86.ActiveCfg = Debug|Any CPU
		{D9D475BF-C0EE-4DF6-89A3-55199BB32ABE}.Release|Any CPU.ActiveCfg = Release|Any CPU
		{D9D475BF-C0EE-4DF6-89A3-55199BB32ABE}.Release|Any CPU.Build.0 = Release|Any CPU
		{D9D475BF-C0EE-4DF6-89A3-55199BB32ABE}.Release|Mixed Platforms.ActiveCfg = Release|Any CPU
		{D9D475BF-C0EE-4DF6-89A3-55199BB32ABE}.Release|Mixed Platforms.Build.0 = Release|Any CPU
		{D9D475BF-C0EE-4DF6-89A3-55199BB32ABE}.Release|x86.ActiveCfg = Release|Any CPU
		{C184F128-6AE6-43D7-922E-B706E7B4E576}.Debug|Any CPU.ActiveCfg = Debug|Any CPU
		{C184F128-6AE6-43D7-922E-B706E7B4E576}.Debug|Any CPU.Build.0 = Debug|Any CPU
		{C184F128-6AE6-43D7-922E-B706E7B4E576}.Debug|Mixed Platforms.ActiveCfg = Debug|x86
		{C184F128-6AE6-43D7-922E-B706E7B4E576}.Debug|Mixed Platforms.Build.0 = Debug|x86
		{C184F128-6AE6-43D7-922E-B706E7B4E576}.Debug|x86.ActiveCfg = Debug|x86
		{C184F128-6AE6-43D7-922E-B706E7B4E576}.Debug|x86.Build.0 = Debug|x86
		{C184F128-6AE6-43D7-922E-B706E7B4E576}.Release|Any CPU.ActiveCfg = Release|Any CPU
		{C184F128-6AE6-43D7-922E-B706E7B4E576}.Release|Any CPU.Build.0 = Release|Any CPU
		{C184F128-6AE6-43D7-922E-B706E7B4E576}.Release|Mixed Platforms.ActiveCfg = Release|x86
		{C184F128-6AE6-43D7-922E-B706E7B4E576}.Release|Mixed Platforms.Build.0 = Release|x86
		{C184F128-6AE6-43D7-922E-B706E7B4E576}.Release|x86.ActiveCfg = Release|x86
		{C184F128-6AE6-43D7-922E-B706E7B4E576}.Release|x86.Build.0 = Release|x86
		{D1978D10-E5B0-40F9-BDB7-11BF03C7A6CB}.Debug|Any CPU.ActiveCfg = Debug|Any CPU
		{D1978D10-E5B0-40F9-BDB7-11BF03C7A6CB}.Debug|Any CPU.Build.0 = Debug|Any CPU
		{D1978D10-E5B0-40F9-BDB7-11BF03C7A6CB}.Debug|Mixed Platforms.ActiveCfg = Debug|x86
		{D1978D10-E5B0-40F9-BDB7-11BF03C7A6CB}.Debug|Mixed Platforms.Build.0 = Debug|x86
		{D1978D10-E5B0-40F9-BDB7-11BF03C7A6CB}.Debug|x86.ActiveCfg = Debug|x86
		{D1978D10-E5B0-40F9-BDB7-11BF03C7A6CB}.Debug|x86.Build.0 = Debug|x86
		{D1978D10-E5B0-40F9-BDB7-11BF03C7A6CB}.Release|Any CPU.ActiveCfg = Release|Any CPU
		{D1978D10-E5B0-40F9-BDB7-11BF03C7A6CB}.Release|Any CPU.Build.0 = Release|Any CPU
		{D1978D10-E5B0-40F9-BDB7-11BF03C7A6CB}.Release|Mixed Platforms.ActiveCfg = Release|x86
		{D1978D10-E5B0-40F9-BDB7-11BF03C7A6CB}.Release|Mixed Platforms.Build.0 = Release|x86
		{D1978D10-E5B0-40F9-BDB7-11BF03C7A6CB}.Release|x86.ActiveCfg = Release|x86
		{D1978D10-E5B0-40F9-BDB7-11BF03C7A6CB}.Release|x86.Build.0 = Release|x86
		{F1421BBF-6313-4C3D-9AF4-1898528728D0}.Debug|Any CPU.ActiveCfg = Debug|Any CPU
		{F1421BBF-6313-4C3D-9AF4-1898528728D0}.Debug|Any CPU.Build.0 = Debug|Any CPU
		{F1421BBF-6313-4C3D-9AF4-1898528728D0}.Debug|Mixed Platforms.ActiveCfg = Debug|x86
		{F1421BBF-6313-4C3D-9AF4-1898528728D0}.Debug|Mixed Platforms.Build.0 = Debug|x86
		{F1421BBF-6313-4C3D-9AF4-1898528728D0}.Debug|x86.ActiveCfg = Debug|x86
		{F1421BBF-6313-4C3D-9AF4-1898528728D0}.Debug|x86.Build.0 = Debug|x86
		{F1421BBF-6313-4C3D-9AF4-1898528728D0}.Release|Any CPU.ActiveCfg = Release|Any CPU
		{F1421BBF-6313-4C3D-9AF4-1898528728D0}.Release|Any CPU.Build.0 = Release|Any CPU
		{F1421BBF-6313-4C3D-9AF4-1898528728D0}.Release|Mixed Platforms.ActiveCfg = Release|x86
		{F1421BBF-6313-4C3D-9AF4-1898528728D0}.Release|Mixed Platforms.Build.0 = Release|x86
		{F1421BBF-6313-4C3D-9AF4-1898528728D0}.Release|x86.ActiveCfg = Release|x86
		{F1421BBF-6313-4C3D-9AF4-1898528728D0}.Release|x86.Build.0 = Release|x86
		{D5C5A295-5210-418E-85DD-CACB2FBCD863}.Debug|Any CPU.ActiveCfg = Debug|Any CPU
		{D5C5A295-5210-418E-85DD-CACB2FBCD863}.Debug|Any CPU.Build.0 = Debug|Any CPU
		{D5C5A295-5210-418E-85DD-CACB2FBCD863}.Debug|Mixed Platforms.ActiveCfg = Debug|x86
		{D5C5A295-5210-418E-85DD-CACB2FBCD863}.Debug|Mixed Platforms.Build.0 = Debug|x86
		{D5C5A295-5210-418E-85DD-CACB2FBCD863}.Debug|x86.ActiveCfg = Debug|x86
		{D5C5A295-5210-418E-85DD-CACB2FBCD863}.Debug|x86.Build.0 = Debug|x86
		{D5C5A295-5210-418E-85DD-CACB2FBCD863}.Release|Any CPU.ActiveCfg = Release|Any CPU
		{D5C5A295-5210-418E-85DD-CACB2FBCD863}.Release|Any CPU.Build.0 = Release|Any CPU
		{D5C5A295-5210-418E-85DD-CACB2FBCD863}.Release|Mixed Platforms.ActiveCfg = Release|x86
		{D5C5A295-5210-418E-85DD-CACB2FBCD863}.Release|Mixed Platforms.Build.0 = Release|x86
		{D5C5A295-5210-418E-85DD-CACB2FBCD863}.Release|x86.ActiveCfg = Release|x86
		{D5C5A295-5210-418E-85DD-CACB2FBCD863}.Release|x86.Build.0 = Release|x86
		{22F020D0-3A7E-4E76-B008-AD9E26F85D21}.Debug|Any CPU.ActiveCfg = Debug|x86
		{22F020D0-3A7E-4E76-B008-AD9E26F85D21}.Debug|Mixed Platforms.ActiveCfg = Debug|x86
		{22F020D0-3A7E-4E76-B008-AD9E26F85D21}.Debug|Mixed Platforms.Build.0 = Debug|x86
		{22F020D0-3A7E-4E76-B008-AD9E26F85D21}.Debug|x86.ActiveCfg = Debug|x86
		{22F020D0-3A7E-4E76-B008-AD9E26F85D21}.Debug|x86.Build.0 = Debug|x86
		{22F020D0-3A7E-4E76-B008-AD9E26F85D21}.Release|Any CPU.ActiveCfg = Release|x86
		{22F020D0-3A7E-4E76-B008-AD9E26F85D21}.Release|Mixed Platforms.ActiveCfg = Release|x86
		{22F020D0-3A7E-4E76-B008-AD9E26F85D21}.Release|Mixed Platforms.Build.0 = Release|x86
		{22F020D0-3A7E-4E76-B008-AD9E26F85D21}.Release|x86.ActiveCfg = Release|x86
		{22F020D0-3A7E-4E76-B008-AD9E26F85D21}.Release|x86.Build.0 = Release|x86
		{7780A366-F9CE-4E9F-8C91-0763F73A3A8A}.Debug|Any CPU.ActiveCfg = Debug|Any CPU
		{7780A366-F9CE-4E9F-8C91-0763F73A3A8A}.Debug|Any CPU.Build.0 = Debug|Any CPU
		{7780A366-F9CE-4E9F-8C91-0763F73A3A8A}.Debug|Mixed Platforms.ActiveCfg = Debug|x86
		{7780A366-F9CE-4E9F-8C91-0763F73A3A8A}.Debug|Mixed Platforms.Build.0 = Debug|x86
		{7780A366-F9CE-4E9F-8C91-0763F73A3A8A}.Debug|x86.ActiveCfg = Debug|x86
		{7780A366-F9CE-4E9F-8C91-0763F73A3A8A}.Debug|x86.Build.0 = Debug|x86
		{7780A366-F9CE-4E9F-8C91-0763F73A3A8A}.Release|Any CPU.ActiveCfg = Release|Any CPU
		{7780A366-F9CE-4E9F-8C91-0763F73A3A8A}.Release|Any CPU.Build.0 = Release|Any CPU
		{7780A366-F9CE-4E9F-8C91-0763F73A3A8A}.Release|Mixed Platforms.ActiveCfg = Release|x86
		{7780A366-F9CE-4E9F-8C91-0763F73A3A8A}.Release|Mixed Platforms.Build.0 = Release|x86
		{7780A366-F9CE-4E9F-8C91-0763F73A3A8A}.Release|x86.ActiveCfg = Release|x86
		{7780A366-F9CE-4E9F-8C91-0763F73A3A8A}.Release|x86.Build.0 = Release|x86
		{ED985A0A-C964-494D-88BB-E78ACE4F13D1}.Debug|Any CPU.ActiveCfg = Debug|Any CPU
		{ED985A0A-C964-494D-88BB-E78ACE4F13D1}.Debug|Any CPU.Build.0 = Debug|Any CPU
		{ED985A0A-C964-494D-88BB-E78ACE4F13D1}.Debug|Mixed Platforms.ActiveCfg = Debug|x86
		{ED985A0A-C964-494D-88BB-E78ACE4F13D1}.Debug|Mixed Platforms.Build.0 = Debug|x86
		{ED985A0A-C964-494D-88BB-E78ACE4F13D1}.Debug|x86.ActiveCfg = Debug|x86
		{ED985A0A-C964-494D-88BB-E78ACE4F13D1}.Debug|x86.Build.0 = Debug|x86
		{ED985A0A-C964-494D-88BB-E78ACE4F13D1}.Release|Any CPU.ActiveCfg = Release|Any CPU
		{ED985A0A-C964-494D-88BB-E78ACE4F13D1}.Release|Any CPU.Build.0 = Release|Any CPU
		{ED985A0A-C964-494D-88BB-E78ACE4F13D1}.Release|Mixed Platforms.ActiveCfg = Release|x86
		{ED985A0A-C964-494D-88BB-E78ACE4F13D1}.Release|Mixed Platforms.Build.0 = Release|x86
		{ED985A0A-C964-494D-88BB-E78ACE4F13D1}.Release|x86.ActiveCfg = Release|x86
		{ED985A0A-C964-494D-88BB-E78ACE4F13D1}.Release|x86.Build.0 = Release|x86
		{FE0EAF99-0485-4B17-BFCD-D5D9A2890DB3}.Debug|Any CPU.ActiveCfg = Debug|x86
		{FE0EAF99-0485-4B17-BFCD-D5D9A2890DB3}.Debug|Mixed Platforms.ActiveCfg = Debug|x86
		{FE0EAF99-0485-4B17-BFCD-D5D9A2890DB3}.Debug|Mixed Platforms.Build.0 = Debug|x86
		{FE0EAF99-0485-4B17-BFCD-D5D9A2890DB3}.Debug|x86.ActiveCfg = Debug|x86
		{FE0EAF99-0485-4B17-BFCD-D5D9A2890DB3}.Debug|x86.Build.0 = Debug|x86
		{FE0EAF99-0485-4B17-BFCD-D5D9A2890DB3}.Release|Any CPU.ActiveCfg = Release|x86
		{FE0EAF99-0485-4B17-BFCD-D5D9A2890DB3}.Release|Mixed Platforms.ActiveCfg = Release|x86
		{FE0EAF99-0485-4B17-BFCD-D5D9A2890DB3}.Release|Mixed Platforms.Build.0 = Release|x86
		{FE0EAF99-0485-4B17-BFCD-D5D9A2890DB3}.Release|x86.ActiveCfg = Release|x86
		{FE0EAF99-0485-4B17-BFCD-D5D9A2890DB3}.Release|x86.Build.0 = Release|x86
	EndGlobalSection
	GlobalSection(SolutionProperties) = preSolution
		HideSolutionNode = FALSE
	EndGlobalSection
	GlobalSection(NestedProjects) = preSolution
		{F40686D4-BDE8-42A7-BFB8-C64B3AEC4FC4} = {B9A989E6-1E90-480B-82DE-D625A4F98B93}
		{B3C71188-8BD1-4C4E-BF37-D2D1BB04DA5F} = {F40686D4-BDE8-42A7-BFB8-C64B3AEC4FC4}
	EndGlobalSection
EndGlobal
