
Microsoft Visual Studio Solution File, Format Version 11.00
# Visual Studio 2010
Project("{FAE04EC0-301F-11D3-BF4B-00C04F79EFBC}") = "Chimera", "Chimera\Chimera.csproj", "{C4A96637-6530-4AA1-8765-674200CF23A1}"
EndProject
Project("{FAE04EC0-301F-11D3-BF4B-00C04F79EFBC}") = "ChimeraLib", "ChimeraLib\ChimeraLib.csproj", "{58E39BFE-20D5-4C8D-BCFC-6B5E641C2DFF}"
EndProject
Project("{FAE04EC0-301F-11D3-BF4B-00C04F79EFBC}") = "FlythroughLib", "FlythroughLib\FlythroughLib.csproj", "{D0708045-6CCA-4764-B438-A2D6E8635978}"
EndProject
Project("{FAE04EC0-301F-11D3-BF4B-00C04F79EFBC}") = "KinectLib", "KinectLib\KinectLib.csproj", "{D9D475BF-C0EE-4DF6-89A3-55199BB32ABE}"
EndProject
Project("{FAE04EC0-301F-11D3-BF4B-00C04F79EFBC}") = "LauncherLib", "LauncherLib\LauncherLib.csproj", "{FE0EAF99-0485-4B17-BFCD-D5D9A2890DB3}"
EndProject
Project("{FAE04EC0-301F-11D3-BF4B-00C04F79EFBC}") = "JoystickLib", "JoystickLib\JoystickLib.csproj", "{C184F128-6AE6-43D7-922E-B706E7B4E576}"
EndProject
Project("{FAE04EC0-301F-11D3-BF4B-00C04F79EFBC}") = "TouchscreenLib", "TouchscreenLib\TouchscreenLib.csproj", "{7780A366-F9CE-4E9F-8C91-0763F73A3A8A}"
EndProject
Project("{2150E333-8FDC-42A3-9474-1A3956D46DE8}") = "Overlays", "Overlays", "{AA20755A-F03E-4FF6-A86E-DFC56F1994A9}"
	ProjectSection(SolutionItems) = preProject
		..\Overlays\ExampleOverlay.xml = ..\Overlays\ExampleOverlay.xml
		..\Bin\Overlays\Test.xml = ..\Bin\Overlays\Test.xml
		..\Bin\Overlays\TimespanOverlay.xml = ..\Bin\Overlays\TimespanOverlay.xml
		..\Bin\Overlays\TimespanOverlayDemo2.xml = ..\Bin\Overlays\TimespanOverlayDemo2.xml
	EndProjectSection
EndProject
Project("{FAE04EC0-301F-11D3-BF4B-00C04F79EFBC}") = "WindowsMediaPlayerLib", "WindowsMediaPlayerLib\WindowsMediaPlayerLib.csproj", "{ED985A0A-C964-494D-88BB-E78ACE4F13D1}"
EndProject
Project("{FAE04EC0-301F-11D3-BF4B-00C04F79EFBC}") = "OverlayLib", "OverlayLib\OverlayLib.csproj", "{F1421BBF-6313-4C3D-9AF4-1898528728D0}"
EndProject
Project("{FAE04EC0-301F-11D3-BF4B-00C04F79EFBC}") = "OpenSimLib", "OpenSimLib\OpenSimLib.csproj", "{D1978D10-E5B0-40F9-BDB7-11BF03C7A6CB}"
EndProject
Project("{2150E333-8FDC-42A3-9474-1A3956D46DE8}") = "Flythroughs", "Flythroughs", "{C10ECBD1-23EB-42D0-86D1-9202F2AC0471}"
	ProjectSection(SolutionItems) = preProject
		..\Bin\Flythroughs\Caen-Guided-Full.xml = ..\Bin\Flythroughs\Caen-Guided-Full.xml
		..\Bin\Flythroughs\Caen-Guided.xml = ..\Bin\Flythroughs\Caen-Guided.xml
		..\Bin\Flythroughs\Caen-GuidedHack.xml = ..\Bin\Flythroughs\Caen-GuidedHack.xml
		..\Bin\Flythroughs\Caen-long.xml = ..\Bin\Flythroughs\Caen-long.xml
		..\Bin\Flythroughs\Caen-Walk.xml = ..\Bin\Flythroughs\Caen-Walk.xml
		..\Bin\Flythroughs\CathedralFlythrough-LookAt.xml = ..\Bin\Flythroughs\CathedralFlythrough-LookAt.xml
		..\Bin\Flythroughs\CathedralFlythrough.xml = ..\Bin\Flythroughs\CathedralFlythrough.xml
		..\Bin\Flythroughs\TimespanFlythrough.xml = ..\Bin\Flythroughs\TimespanFlythrough.xml
	EndProjectSection
EndProject
Project("{FAE04EC0-301F-11D3-BF4B-00C04F79EFBC}") = "SandboxTest", "SandboxTest\SandboxTest.csproj", "{0C11639E-BC1A-4A0B-853B-2ABC822A2208}"
EndProject
Project("{FAE04EC0-301F-11D3-BF4B-00C04F79EFBC}") = "Test", "Test\Test.csproj", "{896676F6-4364-46F9-9762-1D9C6EACDF6F}"
EndProject
Project("{FAE04EC0-301F-11D3-BF4B-00C04F79EFBC}") = "RemoteControlLib", "RemoteControlLib\RemoteControlLib.csproj", "{D5C5A295-5210-418E-85DD-CACB2FBCD863}"
EndProject
Project("{FAE04EC0-301F-11D3-BF4B-00C04F79EFBC}") = "RemoteControl", "RemoteControl\RemoteControl.csproj", "{22F020D0-3A7E-4E76-B008-AD9E26F85D21}"
EndProject
Project("{FAE04EC0-301F-11D3-BF4B-00C04F79EFBC}") = "GridProxy", "..\..\libopenmetaverse\Programs\GridProxy\GridProxy.csproj", "{CF1DBF74-BDF4-462A-BDFA-5B6B1149781E}"
EndProject
Project("{2150E333-8FDC-42A3-9474-1A3956D46DE8}") = "Timespan", "Timespan", "{B100C9B2-813B-4180-95BB-434A197819F1}"
EndProject
Project("{2150E333-8FDC-42A3-9474-1A3956D46DE8}") = "Config", "Config", "{48AD0346-709E-4D74-9F75-5F0D9820157F}"
	ProjectSection(SolutionItems) = preProject
		..\Bin\Configs\Timespan\Bindings.xml = ..\Bin\Configs\Timespan\Bindings.xml
		..\Bin\Configs\Timespan\Core.ini = ..\Bin\Configs\Timespan\Core.ini
		..\Bin\Configs\Timespan\Frames.ini = ..\Bin\Configs\Timespan\Frames.ini
		..\Bin\Configs\Timespan\Heightmap.ini = ..\Bin\Configs\Timespan\Heightmap.ini
		..\Bin\Configs\Timespan\KinectMovement.ini = ..\Bin\Configs\Timespan\KinectMovement.ini
		..\Bin\Configs\Timespan\LaptopOverlay.ini = ..\Bin\Configs\Timespan\LaptopOverlay.ini
		..\Bin\Configs\Timespan\Launch.ini = ..\Bin\Configs\Timespan\Launch.ini
		..\Bin\Configs\Timespan\Main.ini = ..\Bin\Configs\Timespan\Main.ini
		..\Bin\Configs\Timespan\OpenSim.ini = ..\Bin\Configs\Timespan\OpenSim.ini
		..\Bin\Configs\Timespan\Overlay.ini = ..\Bin\Configs\Timespan\Overlay.ini
		..\Bin\Configs\Timespan\Projectors.ini = ..\Bin\Configs\Timespan\Projectors.ini
		..\Bin\Configs\Timespan\RemoteControl.ini = ..\Bin\Configs\Timespan\RemoteControl.ini
		..\Bin\Configs\Timespan\TimespanRoom.xml = ..\Bin\Configs\Timespan\TimespanRoom.xml
	EndProjectSection
EndProject
Project("{2150E333-8FDC-42A3-9474-1A3956D46DE8}") = "Flythroughs", "Flythroughs", "{CE093C7A-73E9-4099-BC51-C829AE71D482}"
	ProjectSection(SolutionItems) = preProject
		..\Bin\Flythroughs\Timespan\Caen-Guided-Full.xml = ..\Bin\Flythroughs\Timespan\Caen-Guided-Full.xml
		..\Bin\Flythroughs\Timespan\Caen-long.xml = ..\Bin\Flythroughs\Timespan\Caen-long.xml
	EndProjectSection
EndProject
Project("{2150E333-8FDC-42A3-9474-1A3956D46DE8}") = "Overlay", "Overlay", "{06FD37A2-167A-47CA-9DF6-79B90A6A97F5}"
	ProjectSection(SolutionItems) = preProject
		..\Bin\Overlays\Timespan\TimespanOverlay.xml = ..\Bin\Overlays\Timespan\TimespanOverlay.xml
	EndProjectSection
EndProject
Project("{2150E333-8FDC-42A3-9474-1A3956D46DE8}") = "Scripts", "Scripts", "{DB1A444F-C959-40FE-A90B-10FF61313DE7}"
	ProjectSection(SolutionItems) = preProject
		..\Bin\Scripts\launch.bat = ..\Bin\Scripts\launch.bat
		..\Bin\Scripts\shutdown1.vbs = ..\Bin\Scripts\shutdown1.vbs
		..\Bin\Scripts\shutdown2.vbs = ..\Bin\Scripts\shutdown2.vbs
		..\Bin\Scripts\startup.bat = ..\Bin\Scripts\startup.bat
	EndProjectSection
EndProject
Project("{2150E333-8FDC-42A3-9474-1A3956D46DE8}") = "Configs", "Configs", "{2C880FBA-0B83-43B9-9C64-69F9BD30D72A}"
EndProject
Project("{2150E333-8FDC-42A3-9474-1A3956D46DE8}") = "Test", "Test", "{ED9701C7-AC45-41C5-A61A-788C9D636A73}"
	ProjectSection(SolutionItems) = preProject
		..\Bin\Configs\Test\Bindings.xml = ..\Bin\Configs\Test\Bindings.xml
		..\Bin\Configs\Test\Core.ini = ..\Bin\Configs\Test\Core.ini
		..\Bin\Configs\Test\Frames.ini = ..\Bin\Configs\Test\Frames.ini
		..\Bin\Configs\Test\Heightmap.ini = ..\Bin\Configs\Test\Heightmap.ini
		..\Bin\Configs\Test\InstallBindings.xml = ..\Bin\Configs\Test\InstallBindings.xml
		..\Bin\Configs\Test\KinectMovement.ini = ..\Bin\Configs\Test\KinectMovement.ini
		..\Bin\Configs\Test\LaptopOverlay.ini = ..\Bin\Configs\Test\LaptopOverlay.ini
		..\Bin\Configs\Test\Launch.ini = ..\Bin\Configs\Test\Launch.ini
		..\Bin\Configs\Test\Main.ini = ..\Bin\Configs\Test\Main.ini
		..\Bin\Configs\Test\NoOverlay.ini = ..\Bin\Configs\Test\NoOverlay.ini
		..\Bin\Configs\Test\OpenSim.ini = ..\Bin\Configs\Test\OpenSim.ini
		..\Bin\Configs\Test\Overlay.ini = ..\Bin\Configs\Test\Overlay.ini
		..\Bin\Configs\Test\OverlayLaptop.ini = ..\Bin\Configs\Test\OverlayLaptop.ini
		..\Bin\Configs\Test\OverlayNone.ini = ..\Bin\Configs\Test\OverlayNone.ini
		..\Bin\Configs\Test\OverlayTouchscreen.ini = ..\Bin\Configs\Test\OverlayTouchscreen.ini
		..\Bin\Configs\Test\Projectors.ini = ..\Bin\Configs\Test\Projectors.ini
		..\Bin\Configs\Test\RemoteControl.ini = ..\Bin\Configs\Test\RemoteControl.ini
		..\Bin\Configs\Test\TimespanRoom.xml = ..\Bin\Configs\Test\TimespanRoom.xml
		..\Bin\Configs\Test\Touchscreen.ini = ..\Bin\Configs\Test\Touchscreen.ini
		..\Bin\Configs\Test\TouchscreenOverlay.ini = ..\Bin\Configs\Test\TouchscreenOverlay.ini
		..\Bin\Configs\Test\XBoxController.ini = ..\Bin\Configs\Test\XBoxController.ini
	EndProjectSection
EndProject
Project("{FAE04EC0-301F-11D3-BF4B-00C04F79EFBC}") = "Timespan", "Timespan\Timespan.csproj", "{A4304EE2-9B06-416A-AD48-89434262E322}"
EndProject
Project("{2150E333-8FDC-42A3-9474-1A3956D46DE8}") = "Chimera", "Chimera", "{2E5DF2CA-8923-4171-8FAD-C5B15DE739B7}"
	ProjectSection(SolutionItems) = preProject
		..\Bin\Configs\Chimera\Bindings.xml = ..\Bin\Configs\Chimera\Bindings.xml
		..\Bin\Configs\Chimera\Core.ini = ..\Bin\Configs\Chimera\Core.ini
		..\Bin\Configs\Chimera\Frames.ini = ..\Bin\Configs\Chimera\Frames.ini
		..\Bin\Configs\Chimera\Heightmap.ini = ..\Bin\Configs\Chimera\Heightmap.ini
		..\Bin\Configs\Chimera\InstallBindings.xml = ..\Bin\Configs\Chimera\InstallBindings.xml
		..\Bin\Configs\Chimera\KinectMovement.ini = ..\Bin\Configs\Chimera\KinectMovement.ini
		..\Bin\Configs\Chimera\LaptopOverlay.ini = ..\Bin\Configs\Chimera\LaptopOverlay.ini
		..\Bin\Configs\Chimera\Launch.ini = ..\Bin\Configs\Chimera\Launch.ini
		..\Bin\Configs\Chimera\Main.ini = ..\Bin\Configs\Chimera\Main.ini
		..\Bin\Configs\Chimera\NoOverlay.ini = ..\Bin\Configs\Chimera\NoOverlay.ini
		..\Bin\Configs\Chimera\OpenSim.ini = ..\Bin\Configs\Chimera\OpenSim.ini
		..\Bin\Configs\Chimera\Overlay.ini = ..\Bin\Configs\Chimera\Overlay.ini
		..\Bin\Configs\Chimera\OverlayLaptop.ini = ..\Bin\Configs\Chimera\OverlayLaptop.ini
		..\Bin\Configs\Chimera\OverlayNone.ini = ..\Bin\Configs\Chimera\OverlayNone.ini
		..\Bin\Configs\Chimera\OverlayTouchscreen.ini = ..\Bin\Configs\Chimera\OverlayTouchscreen.ini
		..\Bin\Configs\Chimera\Projectors.ini = ..\Bin\Configs\Chimera\Projectors.ini
		..\Bin\Configs\Chimera\RemoteControl.ini = ..\Bin\Configs\Chimera\RemoteControl.ini
		..\Bin\Configs\Chimera\TimespanRoom.xml = ..\Bin\Configs\Chimera\TimespanRoom.xml
		..\Bin\Configs\Chimera\Touchscreen.ini = ..\Bin\Configs\Chimera\Touchscreen.ini
		..\Bin\Configs\Chimera\TouchscreenOverlay.ini = ..\Bin\Configs\Chimera\TouchscreenOverlay.ini
		..\Bin\Configs\Chimera\XBoxController.ini = ..\Bin\Configs\Chimera\XBoxController.ini
	EndProjectSection
EndProject
Project("{2150E333-8FDC-42A3-9474-1A3956D46DE8}") = "TimespanTest", "TimespanTest", "{841CCD0E-5783-4D42-887D-A8DCBD21AB23}"
	ProjectSection(SolutionItems) = preProject
		..\Bin\Configs\TimespanTest\Bindings.xml = ..\Bin\Configs\TimespanTest\Bindings.xml
		..\Bin\Configs\TimespanTest\Core.ini = ..\Bin\Configs\TimespanTest\Core.ini
		..\Bin\Configs\TimespanTest\Frames.ini = ..\Bin\Configs\TimespanTest\Frames.ini
		..\Bin\Configs\TimespanTest\Heightmap.ini = ..\Bin\Configs\TimespanTest\Heightmap.ini
		..\Bin\Configs\TimespanTest\KinectMovement.ini = ..\Bin\Configs\TimespanTest\KinectMovement.ini
		..\Bin\Configs\TimespanTest\LaptopOverlay.ini = ..\Bin\Configs\TimespanTest\LaptopOverlay.ini
		..\Bin\Configs\TimespanTest\Launch.ini = ..\Bin\Configs\TimespanTest\Launch.ini
		..\Bin\Configs\TimespanTest\Main.ini = ..\Bin\Configs\TimespanTest\Main.ini
		..\Bin\Configs\TimespanTest\OpenSim.ini = ..\Bin\Configs\TimespanTest\OpenSim.ini
		..\Bin\Configs\TimespanTest\Overlay.ini = ..\Bin\Configs\TimespanTest\Overlay.ini
		..\Bin\Configs\TimespanTest\Projectors.ini = ..\Bin\Configs\TimespanTest\Projectors.ini
		..\Bin\Configs\TimespanTest\RemoteControl.ini = ..\Bin\Configs\TimespanTest\RemoteControl.ini
		..\Bin\Configs\TimespanTest\TimespanRoom.xml = ..\Bin\Configs\TimespanTest\TimespanRoom.xml
	EndProjectSection
EndProject
Global
	GlobalSection(SolutionConfigurationPlatforms) = preSolution
		Debug|Any CPU = Debug|Any CPU
		Debug|Mixed Platforms = Debug|Mixed Platforms
		Debug|Win32 = Debug|Win32
		Debug|x64 = Debug|x64
		Debug|x86 = Debug|x86
		DebugVisual|Any CPU = DebugVisual|Any CPU
		DebugVisual|Mixed Platforms = DebugVisual|Mixed Platforms
		DebugVisual|Win32 = DebugVisual|Win32
		DebugVisual|x64 = DebugVisual|x64
		DebugVisual|x86 = DebugVisual|x86
		Release|Any CPU = Release|Any CPU
		Release|Mixed Platforms = Release|Mixed Platforms
		Release|Win32 = Release|Win32
		Release|x64 = Release|x64
		Release|x86 = Release|x86
		ReleaseVisual|Any CPU = ReleaseVisual|Any CPU
		ReleaseVisual|Mixed Platforms = ReleaseVisual|Mixed Platforms
		ReleaseVisual|Win32 = ReleaseVisual|Win32
		ReleaseVisual|x64 = ReleaseVisual|x64
		ReleaseVisual|x86 = ReleaseVisual|x86
	EndGlobalSection
	GlobalSection(ProjectConfigurationPlatforms) = postSolution
		{C4A96637-6530-4AA1-8765-674200CF23A1}.Debug|Any CPU.ActiveCfg = Debug|x86
		{C4A96637-6530-4AA1-8765-674200CF23A1}.Debug|Mixed Platforms.ActiveCfg = Debug|x86
		{C4A96637-6530-4AA1-8765-674200CF23A1}.Debug|Mixed Platforms.Build.0 = Debug|x86
		{C4A96637-6530-4AA1-8765-674200CF23A1}.Debug|Win32.ActiveCfg = Debug|x86
		{C4A96637-6530-4AA1-8765-674200CF23A1}.Debug|x64.ActiveCfg = Debug|x86
		{C4A96637-6530-4AA1-8765-674200CF23A1}.Debug|x86.ActiveCfg = Debug|x86
		{C4A96637-6530-4AA1-8765-674200CF23A1}.Debug|x86.Build.0 = Debug|x86
		{C4A96637-6530-4AA1-8765-674200CF23A1}.DebugVisual|Any CPU.ActiveCfg = Debug|x86
		{C4A96637-6530-4AA1-8765-674200CF23A1}.DebugVisual|Mixed Platforms.ActiveCfg = Debug|x86
		{C4A96637-6530-4AA1-8765-674200CF23A1}.DebugVisual|Mixed Platforms.Build.0 = Debug|x86
		{C4A96637-6530-4AA1-8765-674200CF23A1}.DebugVisual|Win32.ActiveCfg = Debug|x86
		{C4A96637-6530-4AA1-8765-674200CF23A1}.DebugVisual|x64.ActiveCfg = Debug|x86
		{C4A96637-6530-4AA1-8765-674200CF23A1}.DebugVisual|x86.ActiveCfg = Debug|x86
		{C4A96637-6530-4AA1-8765-674200CF23A1}.DebugVisual|x86.Build.0 = Debug|x86
		{C4A96637-6530-4AA1-8765-674200CF23A1}.Release|Any CPU.ActiveCfg = Release|x86
		{C4A96637-6530-4AA1-8765-674200CF23A1}.Release|Mixed Platforms.ActiveCfg = Release|x86
		{C4A96637-6530-4AA1-8765-674200CF23A1}.Release|Mixed Platforms.Build.0 = Release|x86
		{C4A96637-6530-4AA1-8765-674200CF23A1}.Release|Win32.ActiveCfg = Release|x86
		{C4A96637-6530-4AA1-8765-674200CF23A1}.Release|x64.ActiveCfg = Release|x86
		{C4A96637-6530-4AA1-8765-674200CF23A1}.Release|x86.ActiveCfg = Release|x86
		{C4A96637-6530-4AA1-8765-674200CF23A1}.Release|x86.Build.0 = Release|x86
		{C4A96637-6530-4AA1-8765-674200CF23A1}.ReleaseVisual|Any CPU.ActiveCfg = Release|x86
		{C4A96637-6530-4AA1-8765-674200CF23A1}.ReleaseVisual|Mixed Platforms.ActiveCfg = Release|x86
		{C4A96637-6530-4AA1-8765-674200CF23A1}.ReleaseVisual|Mixed Platforms.Build.0 = Release|x86
		{C4A96637-6530-4AA1-8765-674200CF23A1}.ReleaseVisual|Win32.ActiveCfg = Release|x86
		{C4A96637-6530-4AA1-8765-674200CF23A1}.ReleaseVisual|x64.ActiveCfg = Release|x86
		{C4A96637-6530-4AA1-8765-674200CF23A1}.ReleaseVisual|x86.ActiveCfg = Release|x86
		{C4A96637-6530-4AA1-8765-674200CF23A1}.ReleaseVisual|x86.Build.0 = Release|x86
		{58E39BFE-20D5-4C8D-BCFC-6B5E641C2DFF}.Debug|Any CPU.ActiveCfg = Debug|Any CPU
		{58E39BFE-20D5-4C8D-BCFC-6B5E641C2DFF}.Debug|Any CPU.Build.0 = Debug|Any CPU
		{58E39BFE-20D5-4C8D-BCFC-6B5E641C2DFF}.Debug|Mixed Platforms.ActiveCfg = Debug|Any CPU
		{58E39BFE-20D5-4C8D-BCFC-6B5E641C2DFF}.Debug|Mixed Platforms.Build.0 = Debug|Any CPU
		{58E39BFE-20D5-4C8D-BCFC-6B5E641C2DFF}.Debug|Win32.ActiveCfg = Debug|Any CPU
		{58E39BFE-20D5-4C8D-BCFC-6B5E641C2DFF}.Debug|x64.ActiveCfg = Debug|Any CPU
		{58E39BFE-20D5-4C8D-BCFC-6B5E641C2DFF}.Debug|x86.ActiveCfg = Debug|x86
		{58E39BFE-20D5-4C8D-BCFC-6B5E641C2DFF}.Debug|x86.Build.0 = Debug|x86
		{58E39BFE-20D5-4C8D-BCFC-6B5E641C2DFF}.DebugVisual|Any CPU.ActiveCfg = Debug|Any CPU
		{58E39BFE-20D5-4C8D-BCFC-6B5E641C2DFF}.DebugVisual|Any CPU.Build.0 = Debug|Any CPU
		{58E39BFE-20D5-4C8D-BCFC-6B5E641C2DFF}.DebugVisual|Mixed Platforms.ActiveCfg = Debug|x86
		{58E39BFE-20D5-4C8D-BCFC-6B5E641C2DFF}.DebugVisual|Mixed Platforms.Build.0 = Debug|x86
		{58E39BFE-20D5-4C8D-BCFC-6B5E641C2DFF}.DebugVisual|Win32.ActiveCfg = Debug|Any CPU
		{58E39BFE-20D5-4C8D-BCFC-6B5E641C2DFF}.DebugVisual|x64.ActiveCfg = Debug|Any CPU
		{58E39BFE-20D5-4C8D-BCFC-6B5E641C2DFF}.DebugVisual|x86.ActiveCfg = Debug|x86
		{58E39BFE-20D5-4C8D-BCFC-6B5E641C2DFF}.DebugVisual|x86.Build.0 = Debug|x86
		{58E39BFE-20D5-4C8D-BCFC-6B5E641C2DFF}.Release|Any CPU.ActiveCfg = Release|Any CPU
		{58E39BFE-20D5-4C8D-BCFC-6B5E641C2DFF}.Release|Any CPU.Build.0 = Release|Any CPU
		{58E39BFE-20D5-4C8D-BCFC-6B5E641C2DFF}.Release|Mixed Platforms.ActiveCfg = Release|Any CPU
		{58E39BFE-20D5-4C8D-BCFC-6B5E641C2DFF}.Release|Mixed Platforms.Build.0 = Release|Any CPU
		{58E39BFE-20D5-4C8D-BCFC-6B5E641C2DFF}.Release|Win32.ActiveCfg = Release|Any CPU
		{58E39BFE-20D5-4C8D-BCFC-6B5E641C2DFF}.Release|x64.ActiveCfg = Release|Any CPU
		{58E39BFE-20D5-4C8D-BCFC-6B5E641C2DFF}.Release|x86.ActiveCfg = Release|x86
		{58E39BFE-20D5-4C8D-BCFC-6B5E641C2DFF}.Release|x86.Build.0 = Release|x86
		{58E39BFE-20D5-4C8D-BCFC-6B5E641C2DFF}.ReleaseVisual|Any CPU.ActiveCfg = Release|Any CPU
		{58E39BFE-20D5-4C8D-BCFC-6B5E641C2DFF}.ReleaseVisual|Any CPU.Build.0 = Release|Any CPU
		{58E39BFE-20D5-4C8D-BCFC-6B5E641C2DFF}.ReleaseVisual|Mixed Platforms.ActiveCfg = Release|Any CPU
		{58E39BFE-20D5-4C8D-BCFC-6B5E641C2DFF}.ReleaseVisual|Mixed Platforms.Build.0 = Release|Any CPU
		{58E39BFE-20D5-4C8D-BCFC-6B5E641C2DFF}.ReleaseVisual|Win32.ActiveCfg = Release|Any CPU
		{58E39BFE-20D5-4C8D-BCFC-6B5E641C2DFF}.ReleaseVisual|x64.ActiveCfg = Release|Any CPU
		{58E39BFE-20D5-4C8D-BCFC-6B5E641C2DFF}.ReleaseVisual|x86.ActiveCfg = Release|Any CPU
		{D0708045-6CCA-4764-B438-A2D6E8635978}.Debug|Any CPU.ActiveCfg = Debug|Any CPU
		{D0708045-6CCA-4764-B438-A2D6E8635978}.Debug|Any CPU.Build.0 = Debug|Any CPU
		{D0708045-6CCA-4764-B438-A2D6E8635978}.Debug|Mixed Platforms.ActiveCfg = Debug|Any CPU
		{D0708045-6CCA-4764-B438-A2D6E8635978}.Debug|Mixed Platforms.Build.0 = Debug|Any CPU
		{D0708045-6CCA-4764-B438-A2D6E8635978}.Debug|Win32.ActiveCfg = Debug|Any CPU
		{D0708045-6CCA-4764-B438-A2D6E8635978}.Debug|x64.ActiveCfg = Debug|Any CPU
		{D0708045-6CCA-4764-B438-A2D6E8635978}.Debug|x86.ActiveCfg = Debug|x86
		{D0708045-6CCA-4764-B438-A2D6E8635978}.Debug|x86.Build.0 = Debug|x86
		{D0708045-6CCA-4764-B438-A2D6E8635978}.DebugVisual|Any CPU.ActiveCfg = Debug|Any CPU
		{D0708045-6CCA-4764-B438-A2D6E8635978}.DebugVisual|Any CPU.Build.0 = Debug|Any CPU
		{D0708045-6CCA-4764-B438-A2D6E8635978}.DebugVisual|Mixed Platforms.ActiveCfg = Debug|x86
		{D0708045-6CCA-4764-B438-A2D6E8635978}.DebugVisual|Mixed Platforms.Build.0 = Debug|x86
		{D0708045-6CCA-4764-B438-A2D6E8635978}.DebugVisual|Win32.ActiveCfg = Debug|Any CPU
		{D0708045-6CCA-4764-B438-A2D6E8635978}.DebugVisual|x64.ActiveCfg = Debug|Any CPU
		{D0708045-6CCA-4764-B438-A2D6E8635978}.DebugVisual|x86.ActiveCfg = Debug|x86
		{D0708045-6CCA-4764-B438-A2D6E8635978}.DebugVisual|x86.Build.0 = Debug|x86
		{D0708045-6CCA-4764-B438-A2D6E8635978}.Release|Any CPU.ActiveCfg = Release|Any CPU
		{D0708045-6CCA-4764-B438-A2D6E8635978}.Release|Any CPU.Build.0 = Release|Any CPU
		{D0708045-6CCA-4764-B438-A2D6E8635978}.Release|Mixed Platforms.ActiveCfg = Release|Any CPU
		{D0708045-6CCA-4764-B438-A2D6E8635978}.Release|Mixed Platforms.Build.0 = Release|Any CPU
		{D0708045-6CCA-4764-B438-A2D6E8635978}.Release|Win32.ActiveCfg = Release|Any CPU
		{D0708045-6CCA-4764-B438-A2D6E8635978}.Release|x64.ActiveCfg = Release|Any CPU
		{D0708045-6CCA-4764-B438-A2D6E8635978}.Release|x86.ActiveCfg = Release|x86
		{D0708045-6CCA-4764-B438-A2D6E8635978}.Release|x86.Build.0 = Release|x86
		{D0708045-6CCA-4764-B438-A2D6E8635978}.ReleaseVisual|Any CPU.ActiveCfg = Release|Any CPU
		{D0708045-6CCA-4764-B438-A2D6E8635978}.ReleaseVisual|Any CPU.Build.0 = Release|Any CPU
		{D0708045-6CCA-4764-B438-A2D6E8635978}.ReleaseVisual|Mixed Platforms.ActiveCfg = Release|Any CPU
		{D0708045-6CCA-4764-B438-A2D6E8635978}.ReleaseVisual|Mixed Platforms.Build.0 = Release|Any CPU
		{D0708045-6CCA-4764-B438-A2D6E8635978}.ReleaseVisual|Win32.ActiveCfg = Release|Any CPU
		{D0708045-6CCA-4764-B438-A2D6E8635978}.ReleaseVisual|x64.ActiveCfg = Release|Any CPU
		{D0708045-6CCA-4764-B438-A2D6E8635978}.ReleaseVisual|x86.ActiveCfg = Release|Any CPU
		{D9D475BF-C0EE-4DF6-89A3-55199BB32ABE}.Debug|Any CPU.ActiveCfg = Debug|Any CPU
		{D9D475BF-C0EE-4DF6-89A3-55199BB32ABE}.Debug|Any CPU.Build.0 = Debug|Any CPU
		{D9D475BF-C0EE-4DF6-89A3-55199BB32ABE}.Debug|Mixed Platforms.ActiveCfg = Debug|Any CPU
		{D9D475BF-C0EE-4DF6-89A3-55199BB32ABE}.Debug|Mixed Platforms.Build.0 = Debug|Any CPU
		{D9D475BF-C0EE-4DF6-89A3-55199BB32ABE}.Debug|Win32.ActiveCfg = Debug|Any CPU
		{D9D475BF-C0EE-4DF6-89A3-55199BB32ABE}.Debug|x64.ActiveCfg = Debug|Any CPU
		{D9D475BF-C0EE-4DF6-89A3-55199BB32ABE}.Debug|x86.ActiveCfg = Debug|x86
		{D9D475BF-C0EE-4DF6-89A3-55199BB32ABE}.Debug|x86.Build.0 = Debug|x86
		{D9D475BF-C0EE-4DF6-89A3-55199BB32ABE}.DebugVisual|Any CPU.ActiveCfg = Debug|Any CPU
		{D9D475BF-C0EE-4DF6-89A3-55199BB32ABE}.DebugVisual|Any CPU.Build.0 = Debug|Any CPU
		{D9D475BF-C0EE-4DF6-89A3-55199BB32ABE}.DebugVisual|Mixed Platforms.ActiveCfg = Debug|x86
		{D9D475BF-C0EE-4DF6-89A3-55199BB32ABE}.DebugVisual|Mixed Platforms.Build.0 = Debug|x86
		{D9D475BF-C0EE-4DF6-89A3-55199BB32ABE}.DebugVisual|Win32.ActiveCfg = Debug|Any CPU
		{D9D475BF-C0EE-4DF6-89A3-55199BB32ABE}.DebugVisual|x64.ActiveCfg = Debug|Any CPU
		{D9D475BF-C0EE-4DF6-89A3-55199BB32ABE}.DebugVisual|x86.ActiveCfg = Debug|x86
		{D9D475BF-C0EE-4DF6-89A3-55199BB32ABE}.DebugVisual|x86.Build.0 = Debug|x86
		{D9D475BF-C0EE-4DF6-89A3-55199BB32ABE}.Release|Any CPU.ActiveCfg = Release|Any CPU
		{D9D475BF-C0EE-4DF6-89A3-55199BB32ABE}.Release|Any CPU.Build.0 = Release|Any CPU
		{D9D475BF-C0EE-4DF6-89A3-55199BB32ABE}.Release|Mixed Platforms.ActiveCfg = Release|Any CPU
		{D9D475BF-C0EE-4DF6-89A3-55199BB32ABE}.Release|Mixed Platforms.Build.0 = Release|Any CPU
		{D9D475BF-C0EE-4DF6-89A3-55199BB32ABE}.Release|Win32.ActiveCfg = Release|Any CPU
		{D9D475BF-C0EE-4DF6-89A3-55199BB32ABE}.Release|x64.ActiveCfg = Release|Any CPU
		{D9D475BF-C0EE-4DF6-89A3-55199BB32ABE}.Release|x86.ActiveCfg = Release|x86
		{D9D475BF-C0EE-4DF6-89A3-55199BB32ABE}.Release|x86.Build.0 = Release|x86
		{D9D475BF-C0EE-4DF6-89A3-55199BB32ABE}.ReleaseVisual|Any CPU.ActiveCfg = Release|Any CPU
		{D9D475BF-C0EE-4DF6-89A3-55199BB32ABE}.ReleaseVisual|Any CPU.Build.0 = Release|Any CPU
		{D9D475BF-C0EE-4DF6-89A3-55199BB32ABE}.ReleaseVisual|Mixed Platforms.ActiveCfg = Release|Any CPU
		{D9D475BF-C0EE-4DF6-89A3-55199BB32ABE}.ReleaseVisual|Mixed Platforms.Build.0 = Release|Any CPU
		{D9D475BF-C0EE-4DF6-89A3-55199BB32ABE}.ReleaseVisual|Win32.ActiveCfg = Release|Any CPU
		{D9D475BF-C0EE-4DF6-89A3-55199BB32ABE}.ReleaseVisual|x64.ActiveCfg = Release|Any CPU
		{D9D475BF-C0EE-4DF6-89A3-55199BB32ABE}.ReleaseVisual|x86.ActiveCfg = Release|Any CPU
		{FE0EAF99-0485-4B17-BFCD-D5D9A2890DB3}.Debug|Any CPU.ActiveCfg = Debug|x86
		{FE0EAF99-0485-4B17-BFCD-D5D9A2890DB3}.Debug|Mixed Platforms.ActiveCfg = Debug|x86
		{FE0EAF99-0485-4B17-BFCD-D5D9A2890DB3}.Debug|Mixed Platforms.Build.0 = Debug|x86
		{FE0EAF99-0485-4B17-BFCD-D5D9A2890DB3}.Debug|Win32.ActiveCfg = Debug|x86
		{FE0EAF99-0485-4B17-BFCD-D5D9A2890DB3}.Debug|x64.ActiveCfg = Debug|x86
		{FE0EAF99-0485-4B17-BFCD-D5D9A2890DB3}.Debug|x86.ActiveCfg = Debug|x86
		{FE0EAF99-0485-4B17-BFCD-D5D9A2890DB3}.Debug|x86.Build.0 = Debug|x86
		{FE0EAF99-0485-4B17-BFCD-D5D9A2890DB3}.DebugVisual|Any CPU.ActiveCfg = Debug|x86
		{FE0EAF99-0485-4B17-BFCD-D5D9A2890DB3}.DebugVisual|Mixed Platforms.ActiveCfg = Debug|x86
		{FE0EAF99-0485-4B17-BFCD-D5D9A2890DB3}.DebugVisual|Mixed Platforms.Build.0 = Debug|x86
		{FE0EAF99-0485-4B17-BFCD-D5D9A2890DB3}.DebugVisual|Win32.ActiveCfg = Debug|x86
		{FE0EAF99-0485-4B17-BFCD-D5D9A2890DB3}.DebugVisual|x64.ActiveCfg = Debug|x86
		{FE0EAF99-0485-4B17-BFCD-D5D9A2890DB3}.DebugVisual|x86.ActiveCfg = Debug|x86
		{FE0EAF99-0485-4B17-BFCD-D5D9A2890DB3}.DebugVisual|x86.Build.0 = Debug|x86
		{FE0EAF99-0485-4B17-BFCD-D5D9A2890DB3}.Release|Any CPU.ActiveCfg = Release|x86
		{FE0EAF99-0485-4B17-BFCD-D5D9A2890DB3}.Release|Mixed Platforms.ActiveCfg = Release|x86
		{FE0EAF99-0485-4B17-BFCD-D5D9A2890DB3}.Release|Mixed Platforms.Build.0 = Release|x86
		{FE0EAF99-0485-4B17-BFCD-D5D9A2890DB3}.Release|Win32.ActiveCfg = Release|x86
		{FE0EAF99-0485-4B17-BFCD-D5D9A2890DB3}.Release|x64.ActiveCfg = Release|x86
		{FE0EAF99-0485-4B17-BFCD-D5D9A2890DB3}.Release|x86.ActiveCfg = Release|x86
		{FE0EAF99-0485-4B17-BFCD-D5D9A2890DB3}.Release|x86.Build.0 = Release|x86
		{FE0EAF99-0485-4B17-BFCD-D5D9A2890DB3}.ReleaseVisual|Any CPU.ActiveCfg = Release|x86
		{FE0EAF99-0485-4B17-BFCD-D5D9A2890DB3}.ReleaseVisual|Mixed Platforms.ActiveCfg = Release|x86
		{FE0EAF99-0485-4B17-BFCD-D5D9A2890DB3}.ReleaseVisual|Mixed Platforms.Build.0 = Release|x86
		{FE0EAF99-0485-4B17-BFCD-D5D9A2890DB3}.ReleaseVisual|Win32.ActiveCfg = Release|x86
		{FE0EAF99-0485-4B17-BFCD-D5D9A2890DB3}.ReleaseVisual|x64.ActiveCfg = Release|x86
		{FE0EAF99-0485-4B17-BFCD-D5D9A2890DB3}.ReleaseVisual|x86.ActiveCfg = Release|x86
		{FE0EAF99-0485-4B17-BFCD-D5D9A2890DB3}.ReleaseVisual|x86.Build.0 = Release|x86
		{C184F128-6AE6-43D7-922E-B706E7B4E576}.Debug|Any CPU.ActiveCfg = Debug|Any CPU
		{C184F128-6AE6-43D7-922E-B706E7B4E576}.Debug|Any CPU.Build.0 = Debug|Any CPU
		{C184F128-6AE6-43D7-922E-B706E7B4E576}.Debug|Mixed Platforms.ActiveCfg = Debug|Any CPU
		{C184F128-6AE6-43D7-922E-B706E7B4E576}.Debug|Mixed Platforms.Build.0 = Debug|Any CPU
		{C184F128-6AE6-43D7-922E-B706E7B4E576}.Debug|Win32.ActiveCfg = Debug|Any CPU
		{C184F128-6AE6-43D7-922E-B706E7B4E576}.Debug|x64.ActiveCfg = Debug|Any CPU
		{C184F128-6AE6-43D7-922E-B706E7B4E576}.Debug|x86.ActiveCfg = Debug|x86
		{C184F128-6AE6-43D7-922E-B706E7B4E576}.Debug|x86.Build.0 = Debug|x86
		{C184F128-6AE6-43D7-922E-B706E7B4E576}.DebugVisual|Any CPU.ActiveCfg = Debug|Any CPU
		{C184F128-6AE6-43D7-922E-B706E7B4E576}.DebugVisual|Any CPU.Build.0 = Debug|Any CPU
		{C184F128-6AE6-43D7-922E-B706E7B4E576}.DebugVisual|Mixed Platforms.ActiveCfg = Debug|Any CPU
		{C184F128-6AE6-43D7-922E-B706E7B4E576}.DebugVisual|Mixed Platforms.Build.0 = Debug|Any CPU
		{C184F128-6AE6-43D7-922E-B706E7B4E576}.DebugVisual|Win32.ActiveCfg = Debug|Any CPU
		{C184F128-6AE6-43D7-922E-B706E7B4E576}.DebugVisual|x64.ActiveCfg = Debug|Any CPU
		{C184F128-6AE6-43D7-922E-B706E7B4E576}.DebugVisual|x86.ActiveCfg = Debug|Any CPU
		{C184F128-6AE6-43D7-922E-B706E7B4E576}.Release|Any CPU.ActiveCfg = Release|Any CPU
		{C184F128-6AE6-43D7-922E-B706E7B4E576}.Release|Any CPU.Build.0 = Release|Any CPU
		{C184F128-6AE6-43D7-922E-B706E7B4E576}.Release|Mixed Platforms.ActiveCfg = Release|Any CPU
		{C184F128-6AE6-43D7-922E-B706E7B4E576}.Release|Mixed Platforms.Build.0 = Release|Any CPU
		{C184F128-6AE6-43D7-922E-B706E7B4E576}.Release|Win32.ActiveCfg = Release|Any CPU
		{C184F128-6AE6-43D7-922E-B706E7B4E576}.Release|x64.ActiveCfg = Release|Any CPU
		{C184F128-6AE6-43D7-922E-B706E7B4E576}.Release|x86.ActiveCfg = Release|x86
		{C184F128-6AE6-43D7-922E-B706E7B4E576}.Release|x86.Build.0 = Release|x86
		{C184F128-6AE6-43D7-922E-B706E7B4E576}.ReleaseVisual|Any CPU.ActiveCfg = Release|Any CPU
		{C184F128-6AE6-43D7-922E-B706E7B4E576}.ReleaseVisual|Any CPU.Build.0 = Release|Any CPU
		{C184F128-6AE6-43D7-922E-B706E7B4E576}.ReleaseVisual|Mixed Platforms.ActiveCfg = Release|Any CPU
		{C184F128-6AE6-43D7-922E-B706E7B4E576}.ReleaseVisual|Mixed Platforms.Build.0 = Release|Any CPU
		{C184F128-6AE6-43D7-922E-B706E7B4E576}.ReleaseVisual|Win32.ActiveCfg = Release|Any CPU
		{C184F128-6AE6-43D7-922E-B706E7B4E576}.ReleaseVisual|x64.ActiveCfg = Release|Any CPU
		{C184F128-6AE6-43D7-922E-B706E7B4E576}.ReleaseVisual|x86.ActiveCfg = Release|Any CPU
		{7780A366-F9CE-4E9F-8C91-0763F73A3A8A}.Debug|Any CPU.ActiveCfg = Debug|Any CPU
		{7780A366-F9CE-4E9F-8C91-0763F73A3A8A}.Debug|Any CPU.Build.0 = Debug|Any CPU
		{7780A366-F9CE-4E9F-8C91-0763F73A3A8A}.Debug|Mixed Platforms.ActiveCfg = Debug|Any CPU
		{7780A366-F9CE-4E9F-8C91-0763F73A3A8A}.Debug|Mixed Platforms.Build.0 = Debug|Any CPU
		{7780A366-F9CE-4E9F-8C91-0763F73A3A8A}.Debug|Win32.ActiveCfg = Debug|Any CPU
		{7780A366-F9CE-4E9F-8C91-0763F73A3A8A}.Debug|x64.ActiveCfg = Debug|Any CPU
		{7780A366-F9CE-4E9F-8C91-0763F73A3A8A}.Debug|x86.ActiveCfg = Debug|x86
		{7780A366-F9CE-4E9F-8C91-0763F73A3A8A}.Debug|x86.Build.0 = Debug|x86
		{7780A366-F9CE-4E9F-8C91-0763F73A3A8A}.DebugVisual|Any CPU.ActiveCfg = Debug|Any CPU
		{7780A366-F9CE-4E9F-8C91-0763F73A3A8A}.DebugVisual|Any CPU.Build.0 = Debug|Any CPU
		{7780A366-F9CE-4E9F-8C91-0763F73A3A8A}.DebugVisual|Mixed Platforms.ActiveCfg = Debug|Any CPU
		{7780A366-F9CE-4E9F-8C91-0763F73A3A8A}.DebugVisual|Mixed Platforms.Build.0 = Debug|Any CPU
		{7780A366-F9CE-4E9F-8C91-0763F73A3A8A}.DebugVisual|Win32.ActiveCfg = Debug|Any CPU
		{7780A366-F9CE-4E9F-8C91-0763F73A3A8A}.DebugVisual|x64.ActiveCfg = Debug|Any CPU
		{7780A366-F9CE-4E9F-8C91-0763F73A3A8A}.DebugVisual|x86.ActiveCfg = Debug|Any CPU
		{7780A366-F9CE-4E9F-8C91-0763F73A3A8A}.Release|Any CPU.ActiveCfg = Release|Any CPU
		{7780A366-F9CE-4E9F-8C91-0763F73A3A8A}.Release|Any CPU.Build.0 = Release|Any CPU
		{7780A366-F9CE-4E9F-8C91-0763F73A3A8A}.Release|Mixed Platforms.ActiveCfg = Release|Any CPU
		{7780A366-F9CE-4E9F-8C91-0763F73A3A8A}.Release|Mixed Platforms.Build.0 = Release|Any CPU
		{7780A366-F9CE-4E9F-8C91-0763F73A3A8A}.Release|Win32.ActiveCfg = Release|Any CPU
		{7780A366-F9CE-4E9F-8C91-0763F73A3A8A}.Release|x64.ActiveCfg = Release|Any CPU
		{7780A366-F9CE-4E9F-8C91-0763F73A3A8A}.Release|x86.ActiveCfg = Release|x86
		{7780A366-F9CE-4E9F-8C91-0763F73A3A8A}.Release|x86.Build.0 = Release|x86
		{7780A366-F9CE-4E9F-8C91-0763F73A3A8A}.ReleaseVisual|Any CPU.ActiveCfg = Release|Any CPU
		{7780A366-F9CE-4E9F-8C91-0763F73A3A8A}.ReleaseVisual|Any CPU.Build.0 = Release|Any CPU
		{7780A366-F9CE-4E9F-8C91-0763F73A3A8A}.ReleaseVisual|Mixed Platforms.ActiveCfg = Release|Any CPU
		{7780A366-F9CE-4E9F-8C91-0763F73A3A8A}.ReleaseVisual|Mixed Platforms.Build.0 = Release|Any CPU
		{7780A366-F9CE-4E9F-8C91-0763F73A3A8A}.ReleaseVisual|Win32.ActiveCfg = Release|Any CPU
		{7780A366-F9CE-4E9F-8C91-0763F73A3A8A}.ReleaseVisual|x64.ActiveCfg = Release|Any CPU
		{7780A366-F9CE-4E9F-8C91-0763F73A3A8A}.ReleaseVisual|x86.ActiveCfg = Release|Any CPU
		{ED985A0A-C964-494D-88BB-E78ACE4F13D1}.Debug|Any CPU.ActiveCfg = Debug|Any CPU
		{ED985A0A-C964-494D-88BB-E78ACE4F13D1}.Debug|Any CPU.Build.0 = Debug|Any CPU
		{ED985A0A-C964-494D-88BB-E78ACE4F13D1}.Debug|Mixed Platforms.ActiveCfg = Debug|x86
		{ED985A0A-C964-494D-88BB-E78ACE4F13D1}.Debug|Mixed Platforms.Build.0 = Debug|x86
		{ED985A0A-C964-494D-88BB-E78ACE4F13D1}.Debug|Win32.ActiveCfg = Debug|x86
		{ED985A0A-C964-494D-88BB-E78ACE4F13D1}.Debug|x64.ActiveCfg = Debug|x86
		{ED985A0A-C964-494D-88BB-E78ACE4F13D1}.Debug|x86.ActiveCfg = Debug|x86
		{ED985A0A-C964-494D-88BB-E78ACE4F13D1}.Debug|x86.Build.0 = Debug|x86
		{ED985A0A-C964-494D-88BB-E78ACE4F13D1}.DebugVisual|Any CPU.ActiveCfg = Debug|x86
		{ED985A0A-C964-494D-88BB-E78ACE4F13D1}.DebugVisual|Mixed Platforms.ActiveCfg = Debug|x86
		{ED985A0A-C964-494D-88BB-E78ACE4F13D1}.DebugVisual|Mixed Platforms.Build.0 = Debug|x86
		{ED985A0A-C964-494D-88BB-E78ACE4F13D1}.DebugVisual|Win32.ActiveCfg = Debug|x86
		{ED985A0A-C964-494D-88BB-E78ACE4F13D1}.DebugVisual|x64.ActiveCfg = Debug|x86
		{ED985A0A-C964-494D-88BB-E78ACE4F13D1}.DebugVisual|x86.ActiveCfg = Debug|x86
		{ED985A0A-C964-494D-88BB-E78ACE4F13D1}.DebugVisual|x86.Build.0 = Debug|x86
		{ED985A0A-C964-494D-88BB-E78ACE4F13D1}.Release|Any CPU.ActiveCfg = Release|Any CPU
		{ED985A0A-C964-494D-88BB-E78ACE4F13D1}.Release|Any CPU.Build.0 = Release|Any CPU
		{ED985A0A-C964-494D-88BB-E78ACE4F13D1}.Release|Mixed Platforms.ActiveCfg = Release|x86
		{ED985A0A-C964-494D-88BB-E78ACE4F13D1}.Release|Mixed Platforms.Build.0 = Release|x86
		{ED985A0A-C964-494D-88BB-E78ACE4F13D1}.Release|Win32.ActiveCfg = Release|x86
		{ED985A0A-C964-494D-88BB-E78ACE4F13D1}.Release|x64.ActiveCfg = Release|x86
		{ED985A0A-C964-494D-88BB-E78ACE4F13D1}.Release|x86.ActiveCfg = Release|x86
		{ED985A0A-C964-494D-88BB-E78ACE4F13D1}.Release|x86.Build.0 = Release|x86
		{ED985A0A-C964-494D-88BB-E78ACE4F13D1}.ReleaseVisual|Any CPU.ActiveCfg = Release|x86
		{ED985A0A-C964-494D-88BB-E78ACE4F13D1}.ReleaseVisual|Mixed Platforms.ActiveCfg = Release|x86
		{ED985A0A-C964-494D-88BB-E78ACE4F13D1}.ReleaseVisual|Mixed Platforms.Build.0 = Release|x86
		{ED985A0A-C964-494D-88BB-E78ACE4F13D1}.ReleaseVisual|Win32.ActiveCfg = Release|x86
		{ED985A0A-C964-494D-88BB-E78ACE4F13D1}.ReleaseVisual|x64.ActiveCfg = Release|x86
		{ED985A0A-C964-494D-88BB-E78ACE4F13D1}.ReleaseVisual|x86.ActiveCfg = Release|x86
		{ED985A0A-C964-494D-88BB-E78ACE4F13D1}.ReleaseVisual|x86.Build.0 = Release|x86
		{F1421BBF-6313-4C3D-9AF4-1898528728D0}.Debug|Any CPU.ActiveCfg = Debug|Any CPU
		{F1421BBF-6313-4C3D-9AF4-1898528728D0}.Debug|Any CPU.Build.0 = Debug|Any CPU
		{F1421BBF-6313-4C3D-9AF4-1898528728D0}.Debug|Mixed Platforms.ActiveCfg = Debug|Any CPU
		{F1421BBF-6313-4C3D-9AF4-1898528728D0}.Debug|Mixed Platforms.Build.0 = Debug|Any CPU
		{F1421BBF-6313-4C3D-9AF4-1898528728D0}.Debug|Win32.ActiveCfg = Debug|Any CPU
		{F1421BBF-6313-4C3D-9AF4-1898528728D0}.Debug|x64.ActiveCfg = Debug|Any CPU
		{F1421BBF-6313-4C3D-9AF4-1898528728D0}.Debug|x86.ActiveCfg = Debug|x86
		{F1421BBF-6313-4C3D-9AF4-1898528728D0}.Debug|x86.Build.0 = Debug|x86
		{F1421BBF-6313-4C3D-9AF4-1898528728D0}.DebugVisual|Any CPU.ActiveCfg = Debug|Any CPU
		{F1421BBF-6313-4C3D-9AF4-1898528728D0}.DebugVisual|Any CPU.Build.0 = Debug|Any CPU
		{F1421BBF-6313-4C3D-9AF4-1898528728D0}.DebugVisual|Mixed Platforms.ActiveCfg = Debug|Any CPU
		{F1421BBF-6313-4C3D-9AF4-1898528728D0}.DebugVisual|Mixed Platforms.Build.0 = Debug|Any CPU
		{F1421BBF-6313-4C3D-9AF4-1898528728D0}.DebugVisual|Win32.ActiveCfg = Debug|Any CPU
		{F1421BBF-6313-4C3D-9AF4-1898528728D0}.DebugVisual|x64.ActiveCfg = Debug|Any CPU
		{F1421BBF-6313-4C3D-9AF4-1898528728D0}.DebugVisual|x86.ActiveCfg = Debug|Any CPU
		{F1421BBF-6313-4C3D-9AF4-1898528728D0}.Release|Any CPU.ActiveCfg = Release|Any CPU
		{F1421BBF-6313-4C3D-9AF4-1898528728D0}.Release|Any CPU.Build.0 = Release|Any CPU
		{F1421BBF-6313-4C3D-9AF4-1898528728D0}.Release|Mixed Platforms.ActiveCfg = Release|Any CPU
		{F1421BBF-6313-4C3D-9AF4-1898528728D0}.Release|Mixed Platforms.Build.0 = Release|Any CPU
		{F1421BBF-6313-4C3D-9AF4-1898528728D0}.Release|Win32.ActiveCfg = Release|Any CPU
		{F1421BBF-6313-4C3D-9AF4-1898528728D0}.Release|x64.ActiveCfg = Release|Any CPU
		{F1421BBF-6313-4C3D-9AF4-1898528728D0}.Release|x86.ActiveCfg = Release|x86
		{F1421BBF-6313-4C3D-9AF4-1898528728D0}.Release|x86.Build.0 = Release|x86
		{F1421BBF-6313-4C3D-9AF4-1898528728D0}.ReleaseVisual|Any CPU.ActiveCfg = Release|Any CPU
		{F1421BBF-6313-4C3D-9AF4-1898528728D0}.ReleaseVisual|Any CPU.Build.0 = Release|Any CPU
		{F1421BBF-6313-4C3D-9AF4-1898528728D0}.ReleaseVisual|Mixed Platforms.ActiveCfg = Release|Any CPU
		{F1421BBF-6313-4C3D-9AF4-1898528728D0}.ReleaseVisual|Mixed Platforms.Build.0 = Release|Any CPU
		{F1421BBF-6313-4C3D-9AF4-1898528728D0}.ReleaseVisual|Win32.ActiveCfg = Release|Any CPU
		{F1421BBF-6313-4C3D-9AF4-1898528728D0}.ReleaseVisual|x64.ActiveCfg = Release|Any CPU
		{F1421BBF-6313-4C3D-9AF4-1898528728D0}.ReleaseVisual|x86.ActiveCfg = Release|Any CPU
		{D1978D10-E5B0-40F9-BDB7-11BF03C7A6CB}.Debug|Any CPU.ActiveCfg = Debug|Any CPU
		{D1978D10-E5B0-40F9-BDB7-11BF03C7A6CB}.Debug|Any CPU.Build.0 = Debug|Any CPU
		{D1978D10-E5B0-40F9-BDB7-11BF03C7A6CB}.Debug|Mixed Platforms.ActiveCfg = Debug|x86
		{D1978D10-E5B0-40F9-BDB7-11BF03C7A6CB}.Debug|Mixed Platforms.Build.0 = Debug|x86
		{D1978D10-E5B0-40F9-BDB7-11BF03C7A6CB}.Debug|Win32.ActiveCfg = Debug|x86
		{D1978D10-E5B0-40F9-BDB7-11BF03C7A6CB}.Debug|x64.ActiveCfg = Debug|x86
		{D1978D10-E5B0-40F9-BDB7-11BF03C7A6CB}.Debug|x86.ActiveCfg = Debug|x86
		{D1978D10-E5B0-40F9-BDB7-11BF03C7A6CB}.Debug|x86.Build.0 = Debug|x86
		{D1978D10-E5B0-40F9-BDB7-11BF03C7A6CB}.DebugVisual|Any CPU.ActiveCfg = Debug|x86
		{D1978D10-E5B0-40F9-BDB7-11BF03C7A6CB}.DebugVisual|Mixed Platforms.ActiveCfg = Debug|x86
		{D1978D10-E5B0-40F9-BDB7-11BF03C7A6CB}.DebugVisual|Mixed Platforms.Build.0 = Debug|x86
		{D1978D10-E5B0-40F9-BDB7-11BF03C7A6CB}.DebugVisual|Win32.ActiveCfg = Debug|x86
		{D1978D10-E5B0-40F9-BDB7-11BF03C7A6CB}.DebugVisual|x64.ActiveCfg = Debug|x86
		{D1978D10-E5B0-40F9-BDB7-11BF03C7A6CB}.DebugVisual|x86.ActiveCfg = Debug|x86
		{D1978D10-E5B0-40F9-BDB7-11BF03C7A6CB}.DebugVisual|x86.Build.0 = Debug|x86
		{D1978D10-E5B0-40F9-BDB7-11BF03C7A6CB}.Release|Any CPU.ActiveCfg = Release|Any CPU
		{D1978D10-E5B0-40F9-BDB7-11BF03C7A6CB}.Release|Any CPU.Build.0 = Release|Any CPU
		{D1978D10-E5B0-40F9-BDB7-11BF03C7A6CB}.Release|Mixed Platforms.ActiveCfg = Release|x86
		{D1978D10-E5B0-40F9-BDB7-11BF03C7A6CB}.Release|Mixed Platforms.Build.0 = Release|x86
		{D1978D10-E5B0-40F9-BDB7-11BF03C7A6CB}.Release|Win32.ActiveCfg = Release|x86
		{D1978D10-E5B0-40F9-BDB7-11BF03C7A6CB}.Release|x64.ActiveCfg = Release|x86
		{D1978D10-E5B0-40F9-BDB7-11BF03C7A6CB}.Release|x86.ActiveCfg = Release|x86
		{D1978D10-E5B0-40F9-BDB7-11BF03C7A6CB}.Release|x86.Build.0 = Release|x86
		{D1978D10-E5B0-40F9-BDB7-11BF03C7A6CB}.ReleaseVisual|Any CPU.ActiveCfg = Release|x86
		{D1978D10-E5B0-40F9-BDB7-11BF03C7A6CB}.ReleaseVisual|Mixed Platforms.ActiveCfg = Release|x86
		{D1978D10-E5B0-40F9-BDB7-11BF03C7A6CB}.ReleaseVisual|Mixed Platforms.Build.0 = Release|x86
		{D1978D10-E5B0-40F9-BDB7-11BF03C7A6CB}.ReleaseVisual|Win32.ActiveCfg = Release|x86
		{D1978D10-E5B0-40F9-BDB7-11BF03C7A6CB}.ReleaseVisual|x64.ActiveCfg = Release|x86
		{D1978D10-E5B0-40F9-BDB7-11BF03C7A6CB}.ReleaseVisual|x86.ActiveCfg = Release|x86
		{D1978D10-E5B0-40F9-BDB7-11BF03C7A6CB}.ReleaseVisual|x86.Build.0 = Release|x86
		{0C11639E-BC1A-4A0B-853B-2ABC822A2208}.Debug|Any CPU.ActiveCfg = Debug|x86
		{0C11639E-BC1A-4A0B-853B-2ABC822A2208}.Debug|Mixed Platforms.ActiveCfg = Debug|x86
		{0C11639E-BC1A-4A0B-853B-2ABC822A2208}.Debug|Mixed Platforms.Build.0 = Debug|x86
		{0C11639E-BC1A-4A0B-853B-2ABC822A2208}.Debug|Win32.ActiveCfg = Debug|x86
		{0C11639E-BC1A-4A0B-853B-2ABC822A2208}.Debug|x64.ActiveCfg = Debug|x86
		{0C11639E-BC1A-4A0B-853B-2ABC822A2208}.Debug|x86.ActiveCfg = Debug|x86
		{0C11639E-BC1A-4A0B-853B-2ABC822A2208}.Debug|x86.Build.0 = Debug|x86
		{0C11639E-BC1A-4A0B-853B-2ABC822A2208}.DebugVisual|Any CPU.ActiveCfg = Debug|x86
		{0C11639E-BC1A-4A0B-853B-2ABC822A2208}.DebugVisual|Mixed Platforms.ActiveCfg = Debug|x86
		{0C11639E-BC1A-4A0B-853B-2ABC822A2208}.DebugVisual|Mixed Platforms.Build.0 = Debug|x86
		{0C11639E-BC1A-4A0B-853B-2ABC822A2208}.DebugVisual|Win32.ActiveCfg = Debug|x86
		{0C11639E-BC1A-4A0B-853B-2ABC822A2208}.DebugVisual|x64.ActiveCfg = Debug|x86
		{0C11639E-BC1A-4A0B-853B-2ABC822A2208}.DebugVisual|x86.ActiveCfg = Debug|x86
		{0C11639E-BC1A-4A0B-853B-2ABC822A2208}.DebugVisual|x86.Build.0 = Debug|x86
		{0C11639E-BC1A-4A0B-853B-2ABC822A2208}.Release|Any CPU.ActiveCfg = Release|x86
		{0C11639E-BC1A-4A0B-853B-2ABC822A2208}.Release|Mixed Platforms.ActiveCfg = Release|x86
		{0C11639E-BC1A-4A0B-853B-2ABC822A2208}.Release|Mixed Platforms.Build.0 = Release|x86
		{0C11639E-BC1A-4A0B-853B-2ABC822A2208}.Release|Win32.ActiveCfg = Release|x86
		{0C11639E-BC1A-4A0B-853B-2ABC822A2208}.Release|x64.ActiveCfg = Release|x86
		{0C11639E-BC1A-4A0B-853B-2ABC822A2208}.Release|x86.ActiveCfg = Release|x86
		{0C11639E-BC1A-4A0B-853B-2ABC822A2208}.Release|x86.Build.0 = Release|x86
		{0C11639E-BC1A-4A0B-853B-2ABC822A2208}.ReleaseVisual|Any CPU.ActiveCfg = Release|x86
		{0C11639E-BC1A-4A0B-853B-2ABC822A2208}.ReleaseVisual|Mixed Platforms.ActiveCfg = Release|x86
		{0C11639E-BC1A-4A0B-853B-2ABC822A2208}.ReleaseVisual|Mixed Platforms.Build.0 = Release|x86
		{0C11639E-BC1A-4A0B-853B-2ABC822A2208}.ReleaseVisual|Win32.ActiveCfg = Release|x86
		{0C11639E-BC1A-4A0B-853B-2ABC822A2208}.ReleaseVisual|x64.ActiveCfg = Release|x86
		{0C11639E-BC1A-4A0B-853B-2ABC822A2208}.ReleaseVisual|x86.ActiveCfg = Release|x86
		{0C11639E-BC1A-4A0B-853B-2ABC822A2208}.ReleaseVisual|x86.Build.0 = Release|x86
		{896676F6-4364-46F9-9762-1D9C6EACDF6F}.Debug|Any CPU.ActiveCfg = Debug|x86
		{896676F6-4364-46F9-9762-1D9C6EACDF6F}.Debug|Mixed Platforms.ActiveCfg = Debug|x86
		{896676F6-4364-46F9-9762-1D9C6EACDF6F}.Debug|Mixed Platforms.Build.0 = Debug|x86
		{896676F6-4364-46F9-9762-1D9C6EACDF6F}.Debug|Win32.ActiveCfg = Debug|x86
		{896676F6-4364-46F9-9762-1D9C6EACDF6F}.Debug|x64.ActiveCfg = Debug|x86
		{896676F6-4364-46F9-9762-1D9C6EACDF6F}.Debug|x86.ActiveCfg = Debug|x86
		{896676F6-4364-46F9-9762-1D9C6EACDF6F}.Debug|x86.Build.0 = Debug|x86
		{896676F6-4364-46F9-9762-1D9C6EACDF6F}.DebugVisual|Any CPU.ActiveCfg = Debug|x86
		{896676F6-4364-46F9-9762-1D9C6EACDF6F}.DebugVisual|Mixed Platforms.ActiveCfg = Debug|x86
		{896676F6-4364-46F9-9762-1D9C6EACDF6F}.DebugVisual|Mixed Platforms.Build.0 = Debug|x86
		{896676F6-4364-46F9-9762-1D9C6EACDF6F}.DebugVisual|Win32.ActiveCfg = Debug|x86
		{896676F6-4364-46F9-9762-1D9C6EACDF6F}.DebugVisual|x64.ActiveCfg = Debug|x86
		{896676F6-4364-46F9-9762-1D9C6EACDF6F}.DebugVisual|x86.ActiveCfg = Debug|x86
		{896676F6-4364-46F9-9762-1D9C6EACDF6F}.DebugVisual|x86.Build.0 = Debug|x86
		{896676F6-4364-46F9-9762-1D9C6EACDF6F}.Release|Any CPU.ActiveCfg = Release|x86
		{896676F6-4364-46F9-9762-1D9C6EACDF6F}.Release|Mixed Platforms.ActiveCfg = Release|x86
		{896676F6-4364-46F9-9762-1D9C6EACDF6F}.Release|Mixed Platforms.Build.0 = Release|x86
		{896676F6-4364-46F9-9762-1D9C6EACDF6F}.Release|Win32.ActiveCfg = Release|x86
		{896676F6-4364-46F9-9762-1D9C6EACDF6F}.Release|x64.ActiveCfg = Release|x86
		{896676F6-4364-46F9-9762-1D9C6EACDF6F}.Release|x86.ActiveCfg = Release|x86
		{896676F6-4364-46F9-9762-1D9C6EACDF6F}.Release|x86.Build.0 = Release|x86
		{896676F6-4364-46F9-9762-1D9C6EACDF6F}.ReleaseVisual|Any CPU.ActiveCfg = Release|x86
		{896676F6-4364-46F9-9762-1D9C6EACDF6F}.ReleaseVisual|Mixed Platforms.ActiveCfg = Release|x86
		{896676F6-4364-46F9-9762-1D9C6EACDF6F}.ReleaseVisual|Mixed Platforms.Build.0 = Release|x86
		{896676F6-4364-46F9-9762-1D9C6EACDF6F}.ReleaseVisual|Win32.ActiveCfg = Release|x86
		{896676F6-4364-46F9-9762-1D9C6EACDF6F}.ReleaseVisual|x64.ActiveCfg = Release|x86
		{896676F6-4364-46F9-9762-1D9C6EACDF6F}.ReleaseVisual|x86.ActiveCfg = Release|x86
		{896676F6-4364-46F9-9762-1D9C6EACDF6F}.ReleaseVisual|x86.Build.0 = Release|x86
		{D5C5A295-5210-418E-85DD-CACB2FBCD863}.Debug|Any CPU.ActiveCfg = Debug|Any CPU
		{D5C5A295-5210-418E-85DD-CACB2FBCD863}.Debug|Any CPU.Build.0 = Debug|Any CPU
		{D5C5A295-5210-418E-85DD-CACB2FBCD863}.Debug|Mixed Platforms.ActiveCfg = Debug|Any CPU
		{D5C5A295-5210-418E-85DD-CACB2FBCD863}.Debug|Mixed Platforms.Build.0 = Debug|Any CPU
		{D5C5A295-5210-418E-85DD-CACB2FBCD863}.Debug|Win32.ActiveCfg = Debug|Any CPU
		{D5C5A295-5210-418E-85DD-CACB2FBCD863}.Debug|x64.ActiveCfg = Debug|Any CPU
		{D5C5A295-5210-418E-85DD-CACB2FBCD863}.Debug|x86.ActiveCfg = Debug|x86
		{D5C5A295-5210-418E-85DD-CACB2FBCD863}.Debug|x86.Build.0 = Debug|x86
		{D5C5A295-5210-418E-85DD-CACB2FBCD863}.DebugVisual|Any CPU.ActiveCfg = Debug|Any CPU
		{D5C5A295-5210-418E-85DD-CACB2FBCD863}.DebugVisual|Any CPU.Build.0 = Debug|Any CPU
		{D5C5A295-5210-418E-85DD-CACB2FBCD863}.DebugVisual|Mixed Platforms.ActiveCfg = Debug|Any CPU
		{D5C5A295-5210-418E-85DD-CACB2FBCD863}.DebugVisual|Mixed Platforms.Build.0 = Debug|Any CPU
		{D5C5A295-5210-418E-85DD-CACB2FBCD863}.DebugVisual|Win32.ActiveCfg = Debug|Any CPU
		{D5C5A295-5210-418E-85DD-CACB2FBCD863}.DebugVisual|x64.ActiveCfg = Debug|Any CPU
		{D5C5A295-5210-418E-85DD-CACB2FBCD863}.DebugVisual|x86.ActiveCfg = Debug|Any CPU
		{D5C5A295-5210-418E-85DD-CACB2FBCD863}.Release|Any CPU.ActiveCfg = Release|Any CPU
		{D5C5A295-5210-418E-85DD-CACB2FBCD863}.Release|Any CPU.Build.0 = Release|Any CPU
		{D5C5A295-5210-418E-85DD-CACB2FBCD863}.Release|Mixed Platforms.ActiveCfg = Release|Any CPU
		{D5C5A295-5210-418E-85DD-CACB2FBCD863}.Release|Mixed Platforms.Build.0 = Release|Any CPU
		{D5C5A295-5210-418E-85DD-CACB2FBCD863}.Release|Win32.ActiveCfg = Release|Any CPU
		{D5C5A295-5210-418E-85DD-CACB2FBCD863}.Release|x64.ActiveCfg = Release|Any CPU
		{D5C5A295-5210-418E-85DD-CACB2FBCD863}.Release|x86.ActiveCfg = Release|x86
		{D5C5A295-5210-418E-85DD-CACB2FBCD863}.Release|x86.Build.0 = Release|x86
		{D5C5A295-5210-418E-85DD-CACB2FBCD863}.ReleaseVisual|Any CPU.ActiveCfg = Release|Any CPU
		{D5C5A295-5210-418E-85DD-CACB2FBCD863}.ReleaseVisual|Any CPU.Build.0 = Release|Any CPU
		{D5C5A295-5210-418E-85DD-CACB2FBCD863}.ReleaseVisual|Mixed Platforms.ActiveCfg = Release|Any CPU
		{D5C5A295-5210-418E-85DD-CACB2FBCD863}.ReleaseVisual|Mixed Platforms.Build.0 = Release|Any CPU
		{D5C5A295-5210-418E-85DD-CACB2FBCD863}.ReleaseVisual|Win32.ActiveCfg = Release|Any CPU
		{D5C5A295-5210-418E-85DD-CACB2FBCD863}.ReleaseVisual|x64.ActiveCfg = Release|Any CPU
		{D5C5A295-5210-418E-85DD-CACB2FBCD863}.ReleaseVisual|x86.ActiveCfg = Release|Any CPU
		{22F020D0-3A7E-4E76-B008-AD9E26F85D21}.Debug|Any CPU.ActiveCfg = Debug|x86
		{22F020D0-3A7E-4E76-B008-AD9E26F85D21}.Debug|Mixed Platforms.ActiveCfg = Debug|x86
		{22F020D0-3A7E-4E76-B008-AD9E26F85D21}.Debug|Mixed Platforms.Build.0 = Debug|x86
		{22F020D0-3A7E-4E76-B008-AD9E26F85D21}.Debug|Win32.ActiveCfg = Debug|x86
		{22F020D0-3A7E-4E76-B008-AD9E26F85D21}.Debug|x64.ActiveCfg = Debug|x86
		{22F020D0-3A7E-4E76-B008-AD9E26F85D21}.Debug|x86.ActiveCfg = Debug|x86
		{22F020D0-3A7E-4E76-B008-AD9E26F85D21}.Debug|x86.Build.0 = Debug|x86
		{22F020D0-3A7E-4E76-B008-AD9E26F85D21}.DebugVisual|Any CPU.ActiveCfg = Debug|x86
		{22F020D0-3A7E-4E76-B008-AD9E26F85D21}.DebugVisual|Mixed Platforms.ActiveCfg = Debug|x86
		{22F020D0-3A7E-4E76-B008-AD9E26F85D21}.DebugVisual|Mixed Platforms.Build.0 = Debug|x86
		{22F020D0-3A7E-4E76-B008-AD9E26F85D21}.DebugVisual|Win32.ActiveCfg = Debug|x86
		{22F020D0-3A7E-4E76-B008-AD9E26F85D21}.DebugVisual|x64.ActiveCfg = Debug|x86
		{22F020D0-3A7E-4E76-B008-AD9E26F85D21}.DebugVisual|x86.ActiveCfg = Debug|x86
		{22F020D0-3A7E-4E76-B008-AD9E26F85D21}.DebugVisual|x86.Build.0 = Debug|x86
		{22F020D0-3A7E-4E76-B008-AD9E26F85D21}.Release|Any CPU.ActiveCfg = Release|x86
		{22F020D0-3A7E-4E76-B008-AD9E26F85D21}.Release|Mixed Platforms.ActiveCfg = Release|x86
		{22F020D0-3A7E-4E76-B008-AD9E26F85D21}.Release|Mixed Platforms.Build.0 = Release|x86
		{22F020D0-3A7E-4E76-B008-AD9E26F85D21}.Release|Win32.ActiveCfg = Release|x86
		{22F020D0-3A7E-4E76-B008-AD9E26F85D21}.Release|x64.ActiveCfg = Release|x86
		{22F020D0-3A7E-4E76-B008-AD9E26F85D21}.Release|x86.ActiveCfg = Release|x86
		{22F020D0-3A7E-4E76-B008-AD9E26F85D21}.Release|x86.Build.0 = Release|x86
		{22F020D0-3A7E-4E76-B008-AD9E26F85D21}.ReleaseVisual|Any CPU.ActiveCfg = Release|x86
		{22F020D0-3A7E-4E76-B008-AD9E26F85D21}.ReleaseVisual|Mixed Platforms.ActiveCfg = Release|x86
		{22F020D0-3A7E-4E76-B008-AD9E26F85D21}.ReleaseVisual|Mixed Platforms.Build.0 = Release|x86
		{22F020D0-3A7E-4E76-B008-AD9E26F85D21}.ReleaseVisual|Win32.ActiveCfg = Release|x86
		{22F020D0-3A7E-4E76-B008-AD9E26F85D21}.ReleaseVisual|x64.ActiveCfg = Release|x86
		{22F020D0-3A7E-4E76-B008-AD9E26F85D21}.ReleaseVisual|x86.ActiveCfg = Release|x86
		{22F020D0-3A7E-4E76-B008-AD9E26F85D21}.ReleaseVisual|x86.Build.0 = Release|x86
		{CF1DBF74-BDF4-462A-BDFA-5B6B1149781E}.Debug|Any CPU.ActiveCfg = Debug|Any CPU
		{CF1DBF74-BDF4-462A-BDFA-5B6B1149781E}.Debug|Any CPU.Build.0 = Debug|Any CPU
		{CF1DBF74-BDF4-462A-BDFA-5B6B1149781E}.Debug|Mixed Platforms.ActiveCfg = Debug|Any CPU
		{CF1DBF74-BDF4-462A-BDFA-5B6B1149781E}.Debug|Mixed Platforms.Build.0 = Debug|Any CPU
		{CF1DBF74-BDF4-462A-BDFA-5B6B1149781E}.Debug|Win32.ActiveCfg = Debug|Any CPU
		{CF1DBF74-BDF4-462A-BDFA-5B6B1149781E}.Debug|x64.ActiveCfg = Debug|Any CPU
		{CF1DBF74-BDF4-462A-BDFA-5B6B1149781E}.Debug|x86.ActiveCfg = Debug|x86
		{CF1DBF74-BDF4-462A-BDFA-5B6B1149781E}.Debug|x86.Build.0 = Debug|x86
		{CF1DBF74-BDF4-462A-BDFA-5B6B1149781E}.DebugVisual|Any CPU.ActiveCfg = Debug|Any CPU
		{CF1DBF74-BDF4-462A-BDFA-5B6B1149781E}.DebugVisual|Any CPU.Build.0 = Debug|Any CPU
		{CF1DBF74-BDF4-462A-BDFA-5B6B1149781E}.DebugVisual|Mixed Platforms.ActiveCfg = Debug|Any CPU
		{CF1DBF74-BDF4-462A-BDFA-5B6B1149781E}.DebugVisual|Mixed Platforms.Build.0 = Debug|Any CPU
		{CF1DBF74-BDF4-462A-BDFA-5B6B1149781E}.DebugVisual|Win32.ActiveCfg = Debug|Any CPU
		{CF1DBF74-BDF4-462A-BDFA-5B6B1149781E}.DebugVisual|x64.ActiveCfg = Debug|Any CPU
		{CF1DBF74-BDF4-462A-BDFA-5B6B1149781E}.DebugVisual|x86.ActiveCfg = Debug|Any CPU
		{CF1DBF74-BDF4-462A-BDFA-5B6B1149781E}.Release|Any CPU.ActiveCfg = Release|Any CPU
		{CF1DBF74-BDF4-462A-BDFA-5B6B1149781E}.Release|Any CPU.Build.0 = Release|Any CPU
		{CF1DBF74-BDF4-462A-BDFA-5B6B1149781E}.Release|Mixed Platforms.ActiveCfg = Release|Any CPU
		{CF1DBF74-BDF4-462A-BDFA-5B6B1149781E}.Release|Mixed Platforms.Build.0 = Release|Any CPU
		{CF1DBF74-BDF4-462A-BDFA-5B6B1149781E}.Release|Win32.ActiveCfg = Release|Any CPU
		{CF1DBF74-BDF4-462A-BDFA-5B6B1149781E}.Release|x64.ActiveCfg = Release|Any CPU
		{CF1DBF74-BDF4-462A-BDFA-5B6B1149781E}.Release|x86.ActiveCfg = Release|x86
		{CF1DBF74-BDF4-462A-BDFA-5B6B1149781E}.ReleaseVisual|Any CPU.ActiveCfg = Release|Any CPU
		{CF1DBF74-BDF4-462A-BDFA-5B6B1149781E}.ReleaseVisual|Any CPU.Build.0 = Release|Any CPU
		{CF1DBF74-BDF4-462A-BDFA-5B6B1149781E}.ReleaseVisual|Mixed Platforms.ActiveCfg = Release|Any CPU
		{CF1DBF74-BDF4-462A-BDFA-5B6B1149781E}.ReleaseVisual|Mixed Platforms.Build.0 = Release|Any CPU
		{CF1DBF74-BDF4-462A-BDFA-5B6B1149781E}.ReleaseVisual|Win32.ActiveCfg = Release|Any CPU
		{CF1DBF74-BDF4-462A-BDFA-5B6B1149781E}.ReleaseVisual|x64.ActiveCfg = Release|Any CPU
		{CF1DBF74-BDF4-462A-BDFA-5B6B1149781E}.ReleaseVisual|x86.ActiveCfg = Release|Any CPU
		{A4304EE2-9B06-416A-AD48-89434262E322}.Debug|Any CPU.ActiveCfg = Debug|x86
		{A4304EE2-9B06-416A-AD48-89434262E322}.Debug|Mixed Platforms.ActiveCfg = Debug|x86
		{A4304EE2-9B06-416A-AD48-89434262E322}.Debug|Mixed Platforms.Build.0 = Debug|x86
		{A4304EE2-9B06-416A-AD48-89434262E322}.Debug|Win32.ActiveCfg = Debug|x86
		{A4304EE2-9B06-416A-AD48-89434262E322}.Debug|x64.ActiveCfg = Debug|x86
		{A4304EE2-9B06-416A-AD48-89434262E322}.Debug|x86.ActiveCfg = Debug|x86
		{A4304EE2-9B06-416A-AD48-89434262E322}.Debug|x86.Build.0 = Debug|x86
		{A4304EE2-9B06-416A-AD48-89434262E322}.DebugVisual|Any CPU.ActiveCfg = Debug|x86
		{A4304EE2-9B06-416A-AD48-89434262E322}.DebugVisual|Mixed Platforms.ActiveCfg = Debug|x86
		{A4304EE2-9B06-416A-AD48-89434262E322}.DebugVisual|Mixed Platforms.Build.0 = Debug|x86
		{A4304EE2-9B06-416A-AD48-89434262E322}.DebugVisual|Win32.ActiveCfg = Debug|x86
		{A4304EE2-9B06-416A-AD48-89434262E322}.DebugVisual|x64.ActiveCfg = Debug|x86
		{A4304EE2-9B06-416A-AD48-89434262E322}.DebugVisual|x86.ActiveCfg = Debug|x86
		{A4304EE2-9B06-416A-AD48-89434262E322}.DebugVisual|x86.Build.0 = Debug|x86
		{A4304EE2-9B06-416A-AD48-89434262E322}.Release|Any CPU.ActiveCfg = Release|x86
		{A4304EE2-9B06-416A-AD48-89434262E322}.Release|Mixed Platforms.ActiveCfg = Release|x86
		{A4304EE2-9B06-416A-AD48-89434262E322}.Release|Mixed Platforms.Build.0 = Release|x86
		{A4304EE2-9B06-416A-AD48-89434262E322}.Release|Win32.ActiveCfg = Release|x86
		{A4304EE2-9B06-416A-AD48-89434262E322}.Release|x64.ActiveCfg = Release|x86
		{A4304EE2-9B06-416A-AD48-89434262E322}.Release|x86.ActiveCfg = Release|x86
		{A4304EE2-9B06-416A-AD48-89434262E322}.Release|x86.Build.0 = Release|x86
		{A4304EE2-9B06-416A-AD48-89434262E322}.ReleaseVisual|Any CPU.ActiveCfg = Release|x86
		{A4304EE2-9B06-416A-AD48-89434262E322}.ReleaseVisual|Mixed Platforms.ActiveCfg = Release|x86
		{A4304EE2-9B06-416A-AD48-89434262E322}.ReleaseVisual|Mixed Platforms.Build.0 = Release|x86
		{A4304EE2-9B06-416A-AD48-89434262E322}.ReleaseVisual|Win32.ActiveCfg = Release|x86
		{A4304EE2-9B06-416A-AD48-89434262E322}.ReleaseVisual|x64.ActiveCfg = Release|x86
		{A4304EE2-9B06-416A-AD48-89434262E322}.ReleaseVisual|x86.ActiveCfg = Release|x86
		{A4304EE2-9B06-416A-AD48-89434262E322}.ReleaseVisual|x86.Build.0 = Release|x86
	EndGlobalSection
	GlobalSection(SolutionProperties) = preSolution
		HideSolutionNode = FALSE
	EndGlobalSection
	GlobalSection(NestedProjects) = preSolution
		{B100C9B2-813B-4180-95BB-434A197819F1} = {2C880FBA-0B83-43B9-9C64-69F9BD30D72A}
		{ED9701C7-AC45-41C5-A61A-788C9D636A73} = {2C880FBA-0B83-43B9-9C64-69F9BD30D72A}
		{2E5DF2CA-8923-4171-8FAD-C5B15DE739B7} = {2C880FBA-0B83-43B9-9C64-69F9BD30D72A}
		{841CCD0E-5783-4D42-887D-A8DCBD21AB23} = {2C880FBA-0B83-43B9-9C64-69F9BD30D72A}
		{CE093C7A-73E9-4099-BC51-C829AE71D482} = {B100C9B2-813B-4180-95BB-434A197819F1}
		{06FD37A2-167A-47CA-9DF6-79B90A6A97F5} = {B100C9B2-813B-4180-95BB-434A197819F1}
		{48AD0346-709E-4D74-9F75-5F0D9820157F} = {B100C9B2-813B-4180-95BB-434A197819F1}
	EndGlobalSection
EndGlobal
