
Microsoft Visual Studio Solution File, Format Version 11.00
# Visual Studio 2010
Project("{FAE04EC0-301F-11D3-BF4B-00C04F79EFBC}") = "WinGridProxy", "..\..\libopenmetaverse-mine\Programs\WinGridProxy\WinGridProxy.csproj", "{421F8BA2-92D3-4C24-AD53-FE1FEC91C419}"
EndProject
Project("{FAE04EC0-301F-11D3-BF4B-00C04F79EFBC}") = "Chimera", "Chimera\Chimera.csproj", "{C4A96637-6530-4AA1-8765-674200CF23A1}"
EndProject
Project("{FAE04EC0-301F-11D3-BF4B-00C04F79EFBC}") = "ChimeraLib", "ChimeraLib\ChimeraLib.csproj", "{58E39BFE-20D5-4C8D-BCFC-6B5E641C2DFF}"
EndProject
Project("{FAE04EC0-301F-11D3-BF4B-00C04F79EFBC}") = "ChimeraMaster", "ChimeraMaster\ChimeraMaster.csproj", "{1B9330BE-739B-4F26-995D-D257DBBEA415}"
EndProject
Project("{FAE04EC0-301F-11D3-BF4B-00C04F79EFBC}") = "ChimeraSlave", "ChimeraSlave\ChimeraSlave.csproj", "{416F1E9A-E257-40AE-AFFE-3F97FECA24EF}"
EndProject
Project("{FAE04EC0-301F-11D3-BF4B-00C04F79EFBC}") = "OpenMetaverse.Skeletal", "..\..\opensim-0.7.3.1\bin\Kinect\OpenMetaverse.Skeletal\OpenMetaverse.Skeletal.csproj", "{9C127EDC-FE71-4214-83DA-76F0E2E7882E}"
EndProject
Project("{FAE04EC0-301F-11D3-BF4B-00C04F79EFBC}") = "WiiDesktopVR", "..\..\WiiDesktopVR\WiiDesktopVR.csproj", "{733C84E7-58F2-4E09-AC82-58AFD7E7BDD3}"
EndProject
Project("{FAE04EC0-301F-11D3-BF4B-00C04F79EFBC}") = "FlythroughLib", "FlythroughLib\FlythroughLib.csproj", "{D0708045-6CCA-4764-B438-A2D6E8635978}"
EndProject
Project("{FAE04EC0-301F-11D3-BF4B-00C04F79EFBC}") = "GridProxy", "..\..\libopenmetaverse\Programs\GridProxy\GridProxy.csproj", "{C04A5541-444E-4312-97E7-F66457F87EF8}"
EndProject
Project("{FAE04EC0-301F-11D3-BF4B-00C04F79EFBC}") = "KinectLib", "KinectLib\KinectLib.csproj", "{D9D475BF-C0EE-4DF6-89A3-55199BB32ABE}"
EndProject
Project("{FAE04EC0-301F-11D3-BF4B-00C04F79EFBC}") = "Prototype", "Prototype\Prototype.csproj", "{658BEBF5-DFBA-4CE8-BFCF-0BD21EFA23D1}"
EndProject
Project("{FAE04EC0-301F-11D3-BF4B-00C04F79EFBC}") = "Test", "Test\Test.csproj", "{0C11639E-BC1A-4A0B-853B-2ABC822A2208}"
EndProject
Project("{FAE04EC0-301F-11D3-BF4B-00C04F79EFBC}") = "Launcher", "Launcher\Launcher.csproj", "{042ED172-0C2C-4EA3-B377-4AD39B95DB9E}"
EndProject
Project("{FAE04EC0-301F-11D3-BF4B-00C04F79EFBC}") = "LauncherLib", "LauncherLib\LauncherLib.csproj", "{FE0EAF99-0485-4B17-BFCD-D5D9A2890DB3}"
EndProject
Project("{FAE04EC0-301F-11D3-BF4B-00C04F79EFBC}") = "OpenSimLib", "OpenSimLib\OpenSimLib.csproj", "{D1978D10-E5B0-40F9-BDB7-11BF03C7A6CB}"
EndProject
Global
	GlobalSection(SolutionConfigurationPlatforms) = preSolution
		Debug|Any CPU = Debug|Any CPU
		Debug|Mixed Platforms = Debug|Mixed Platforms
		Debug|Win32 = Debug|Win32
		Debug|x64 = Debug|x64
		Debug|x86 = Debug|x86
		DebugVisual|Any CPU = DebugVisual|Any CPU
		DebugVisual|Mixed Platforms = DebugVisual|Mixed Platforms
		DebugVisual|Win32 = DebugVisual|Win32
		DebugVisual|x64 = DebugVisual|x64
		DebugVisual|x86 = DebugVisual|x86
		Release|Any CPU = Release|Any CPU
		Release|Mixed Platforms = Release|Mixed Platforms
		Release|Win32 = Release|Win32
		Release|x64 = Release|x64
		Release|x86 = Release|x86
		ReleaseVisual|Any CPU = ReleaseVisual|Any CPU
		ReleaseVisual|Mixed Platforms = ReleaseVisual|Mixed Platforms
		ReleaseVisual|Win32 = ReleaseVisual|Win32
		ReleaseVisual|x64 = ReleaseVisual|x64
		ReleaseVisual|x86 = ReleaseVisual|x86
	EndGlobalSection
	GlobalSection(ProjectConfigurationPlatforms) = postSolution
		{421F8BA2-92D3-4C24-AD53-FE1FEC91C419}.Debug|Any CPU.ActiveCfg = Debug|Any CPU
		{421F8BA2-92D3-4C24-AD53-FE1FEC91C419}.Debug|Any CPU.Build.0 = Debug|Any CPU
		{421F8BA2-92D3-4C24-AD53-FE1FEC91C419}.Debug|Mixed Platforms.ActiveCfg = Debug|Any CPU
		{421F8BA2-92D3-4C24-AD53-FE1FEC91C419}.Debug|Mixed Platforms.Build.0 = Debug|Any CPU
		{421F8BA2-92D3-4C24-AD53-FE1FEC91C419}.Debug|Win32.ActiveCfg = Debug|Any CPU
		{421F8BA2-92D3-4C24-AD53-FE1FEC91C419}.Debug|x64.ActiveCfg = Debug|Any CPU
		{421F8BA2-92D3-4C24-AD53-FE1FEC91C419}.Debug|x86.ActiveCfg = Debug|Any CPU
		{421F8BA2-92D3-4C24-AD53-FE1FEC91C419}.DebugVisual|Any CPU.ActiveCfg = Debug|Any CPU
		{421F8BA2-92D3-4C24-AD53-FE1FEC91C419}.DebugVisual|Mixed Platforms.ActiveCfg = Debug|Any CPU
		{421F8BA2-92D3-4C24-AD53-FE1FEC91C419}.DebugVisual|Win32.ActiveCfg = Debug|Any CPU
		{421F8BA2-92D3-4C24-AD53-FE1FEC91C419}.DebugVisual|x64.ActiveCfg = Debug|Any CPU
		{421F8BA2-92D3-4C24-AD53-FE1FEC91C419}.DebugVisual|x86.ActiveCfg = Debug|Any CPU
		{421F8BA2-92D3-4C24-AD53-FE1FEC91C419}.Release|Any CPU.ActiveCfg = Release|Any CPU
		{421F8BA2-92D3-4C24-AD53-FE1FEC91C419}.Release|Any CPU.Build.0 = Release|Any CPU
		{421F8BA2-92D3-4C24-AD53-FE1FEC91C419}.Release|Mixed Platforms.ActiveCfg = Release|Any CPU
		{421F8BA2-92D3-4C24-AD53-FE1FEC91C419}.Release|Mixed Platforms.Build.0 = Release|Any CPU
		{421F8BA2-92D3-4C24-AD53-FE1FEC91C419}.Release|Win32.ActiveCfg = Release|Any CPU
		{421F8BA2-92D3-4C24-AD53-FE1FEC91C419}.Release|x64.ActiveCfg = Release|Any CPU
		{421F8BA2-92D3-4C24-AD53-FE1FEC91C419}.Release|x86.ActiveCfg = Release|Any CPU
		{421F8BA2-92D3-4C24-AD53-FE1FEC91C419}.ReleaseVisual|Any CPU.ActiveCfg = Release|Any CPU
		{421F8BA2-92D3-4C24-AD53-FE1FEC91C419}.ReleaseVisual|Mixed Platforms.ActiveCfg = Release|Any CPU
		{421F8BA2-92D3-4C24-AD53-FE1FEC91C419}.ReleaseVisual|Win32.ActiveCfg = Release|Any CPU
		{421F8BA2-92D3-4C24-AD53-FE1FEC91C419}.ReleaseVisual|x64.ActiveCfg = Release|Any CPU
		{421F8BA2-92D3-4C24-AD53-FE1FEC91C419}.ReleaseVisual|x86.ActiveCfg = Release|Any CPU
		{C4A96637-6530-4AA1-8765-674200CF23A1}.Debug|Any CPU.ActiveCfg = Debug|x86
		{C4A96637-6530-4AA1-8765-674200CF23A1}.Debug|Mixed Platforms.ActiveCfg = Debug|x86
		{C4A96637-6530-4AA1-8765-674200CF23A1}.Debug|Mixed Platforms.Build.0 = Debug|x86
		{C4A96637-6530-4AA1-8765-674200CF23A1}.Debug|Win32.ActiveCfg = Debug|x86
		{C4A96637-6530-4AA1-8765-674200CF23A1}.Debug|x64.ActiveCfg = Debug|x86
		{C4A96637-6530-4AA1-8765-674200CF23A1}.Debug|x86.ActiveCfg = Debug|x86
		{C4A96637-6530-4AA1-8765-674200CF23A1}.Debug|x86.Build.0 = Debug|x86
		{C4A96637-6530-4AA1-8765-674200CF23A1}.DebugVisual|Any CPU.ActiveCfg = Debug|x86
		{C4A96637-6530-4AA1-8765-674200CF23A1}.DebugVisual|Mixed Platforms.ActiveCfg = Debug|x86
		{C4A96637-6530-4AA1-8765-674200CF23A1}.DebugVisual|Mixed Platforms.Build.0 = Debug|x86
		{C4A96637-6530-4AA1-8765-674200CF23A1}.DebugVisual|Win32.ActiveCfg = Debug|x86
		{C4A96637-6530-4AA1-8765-674200CF23A1}.DebugVisual|x64.ActiveCfg = Debug|x86
		{C4A96637-6530-4AA1-8765-674200CF23A1}.DebugVisual|x86.ActiveCfg = Debug|x86
		{C4A96637-6530-4AA1-8765-674200CF23A1}.DebugVisual|x86.Build.0 = Debug|x86
		{C4A96637-6530-4AA1-8765-674200CF23A1}.Release|Any CPU.ActiveCfg = Release|x86
		{C4A96637-6530-4AA1-8765-674200CF23A1}.Release|Mixed Platforms.ActiveCfg = Release|x86
		{C4A96637-6530-4AA1-8765-674200CF23A1}.Release|Mixed Platforms.Build.0 = Release|x86
		{C4A96637-6530-4AA1-8765-674200CF23A1}.Release|Win32.ActiveCfg = Release|x86
		{C4A96637-6530-4AA1-8765-674200CF23A1}.Release|x64.ActiveCfg = Release|x86
		{C4A96637-6530-4AA1-8765-674200CF23A1}.Release|x86.ActiveCfg = Release|x86
		{C4A96637-6530-4AA1-8765-674200CF23A1}.Release|x86.Build.0 = Release|x86
		{C4A96637-6530-4AA1-8765-674200CF23A1}.ReleaseVisual|Any CPU.ActiveCfg = Release|x86
		{C4A96637-6530-4AA1-8765-674200CF23A1}.ReleaseVisual|Mixed Platforms.ActiveCfg = Release|x86
		{C4A96637-6530-4AA1-8765-674200CF23A1}.ReleaseVisual|Mixed Platforms.Build.0 = Release|x86
		{C4A96637-6530-4AA1-8765-674200CF23A1}.ReleaseVisual|Win32.ActiveCfg = Release|x86
		{C4A96637-6530-4AA1-8765-674200CF23A1}.ReleaseVisual|x64.ActiveCfg = Release|x86
		{C4A96637-6530-4AA1-8765-674200CF23A1}.ReleaseVisual|x86.ActiveCfg = Release|x86
		{C4A96637-6530-4AA1-8765-674200CF23A1}.ReleaseVisual|x86.Build.0 = Release|x86
		{58E39BFE-20D5-4C8D-BCFC-6B5E641C2DFF}.Debug|Any CPU.ActiveCfg = Debug|Any CPU
		{58E39BFE-20D5-4C8D-BCFC-6B5E641C2DFF}.Debug|Any CPU.Build.0 = Debug|Any CPU
		{58E39BFE-20D5-4C8D-BCFC-6B5E641C2DFF}.Debug|Mixed Platforms.ActiveCfg = Debug|Any CPU
		{58E39BFE-20D5-4C8D-BCFC-6B5E641C2DFF}.Debug|Mixed Platforms.Build.0 = Debug|Any CPU
		{58E39BFE-20D5-4C8D-BCFC-6B5E641C2DFF}.Debug|Win32.ActiveCfg = Debug|Any CPU
		{58E39BFE-20D5-4C8D-BCFC-6B5E641C2DFF}.Debug|x64.ActiveCfg = Debug|Any CPU
		{58E39BFE-20D5-4C8D-BCFC-6B5E641C2DFF}.Debug|x86.ActiveCfg = Debug|x86
		{58E39BFE-20D5-4C8D-BCFC-6B5E641C2DFF}.Debug|x86.Build.0 = Debug|x86
		{58E39BFE-20D5-4C8D-BCFC-6B5E641C2DFF}.DebugVisual|Any CPU.ActiveCfg = Debug|Any CPU
		{58E39BFE-20D5-4C8D-BCFC-6B5E641C2DFF}.DebugVisual|Any CPU.Build.0 = Debug|Any CPU
		{58E39BFE-20D5-4C8D-BCFC-6B5E641C2DFF}.DebugVisual|Mixed Platforms.ActiveCfg = Debug|x86
		{58E39BFE-20D5-4C8D-BCFC-6B5E641C2DFF}.DebugVisual|Mixed Platforms.Build.0 = Debug|x86
		{58E39BFE-20D5-4C8D-BCFC-6B5E641C2DFF}.DebugVisual|Win32.ActiveCfg = Debug|Any CPU
		{58E39BFE-20D5-4C8D-BCFC-6B5E641C2DFF}.DebugVisual|x64.ActiveCfg = Debug|Any CPU
		{58E39BFE-20D5-4C8D-BCFC-6B5E641C2DFF}.DebugVisual|x86.ActiveCfg = Debug|x86
		{58E39BFE-20D5-4C8D-BCFC-6B5E641C2DFF}.DebugVisual|x86.Build.0 = Debug|x86
		{58E39BFE-20D5-4C8D-BCFC-6B5E641C2DFF}.Release|Any CPU.ActiveCfg = Release|Any CPU
		{58E39BFE-20D5-4C8D-BCFC-6B5E641C2DFF}.Release|Any CPU.Build.0 = Release|Any CPU
		{58E39BFE-20D5-4C8D-BCFC-6B5E641C2DFF}.Release|Mixed Platforms.ActiveCfg = Release|Any CPU
		{58E39BFE-20D5-4C8D-BCFC-6B5E641C2DFF}.Release|Mixed Platforms.Build.0 = Release|Any CPU
		{58E39BFE-20D5-4C8D-BCFC-6B5E641C2DFF}.Release|Win32.ActiveCfg = Release|Any CPU
		{58E39BFE-20D5-4C8D-BCFC-6B5E641C2DFF}.Release|x64.ActiveCfg = Release|Any CPU
		{58E39BFE-20D5-4C8D-BCFC-6B5E641C2DFF}.Release|x86.ActiveCfg = Release|Any CPU
		{58E39BFE-20D5-4C8D-BCFC-6B5E641C2DFF}.ReleaseVisual|Any CPU.ActiveCfg = Release|Any CPU
		{58E39BFE-20D5-4C8D-BCFC-6B5E641C2DFF}.ReleaseVisual|Any CPU.Build.0 = Release|Any CPU
		{58E39BFE-20D5-4C8D-BCFC-6B5E641C2DFF}.ReleaseVisual|Mixed Platforms.ActiveCfg = Release|Any CPU
		{58E39BFE-20D5-4C8D-BCFC-6B5E641C2DFF}.ReleaseVisual|Mixed Platforms.Build.0 = Release|Any CPU
		{58E39BFE-20D5-4C8D-BCFC-6B5E641C2DFF}.ReleaseVisual|Win32.ActiveCfg = Release|Any CPU
		{58E39BFE-20D5-4C8D-BCFC-6B5E641C2DFF}.ReleaseVisual|x64.ActiveCfg = Release|Any CPU
		{58E39BFE-20D5-4C8D-BCFC-6B5E641C2DFF}.ReleaseVisual|x86.ActiveCfg = Release|Any CPU
		{1B9330BE-739B-4F26-995D-D257DBBEA415}.Debug|Any CPU.ActiveCfg = Debug|x86
		{1B9330BE-739B-4F26-995D-D257DBBEA415}.Debug|Mixed Platforms.ActiveCfg = Debug|x86
		{1B9330BE-739B-4F26-995D-D257DBBEA415}.Debug|Mixed Platforms.Build.0 = Debug|x86
		{1B9330BE-739B-4F26-995D-D257DBBEA415}.Debug|Win32.ActiveCfg = Debug|x86
		{1B9330BE-739B-4F26-995D-D257DBBEA415}.Debug|x64.ActiveCfg = Debug|x86
		{1B9330BE-739B-4F26-995D-D257DBBEA415}.Debug|x86.ActiveCfg = Debug|x86
		{1B9330BE-739B-4F26-995D-D257DBBEA415}.Debug|x86.Build.0 = Debug|x86
		{1B9330BE-739B-4F26-995D-D257DBBEA415}.DebugVisual|Any CPU.ActiveCfg = Debug|x86
		{1B9330BE-739B-4F26-995D-D257DBBEA415}.DebugVisual|Mixed Platforms.ActiveCfg = Debug|x86
		{1B9330BE-739B-4F26-995D-D257DBBEA415}.DebugVisual|Mixed Platforms.Build.0 = Debug|x86
		{1B9330BE-739B-4F26-995D-D257DBBEA415}.DebugVisual|Win32.ActiveCfg = Debug|x86
		{1B9330BE-739B-4F26-995D-D257DBBEA415}.DebugVisual|x64.ActiveCfg = Debug|x86
		{1B9330BE-739B-4F26-995D-D257DBBEA415}.DebugVisual|x86.ActiveCfg = Debug|x86
		{1B9330BE-739B-4F26-995D-D257DBBEA415}.DebugVisual|x86.Build.0 = Debug|x86
		{1B9330BE-739B-4F26-995D-D257DBBEA415}.Release|Any CPU.ActiveCfg = Release|x86
		{1B9330BE-739B-4F26-995D-D257DBBEA415}.Release|Mixed Platforms.ActiveCfg = Release|x86
		{1B9330BE-739B-4F26-995D-D257DBBEA415}.Release|Mixed Platforms.Build.0 = Release|x86
		{1B9330BE-739B-4F26-995D-D257DBBEA415}.Release|Win32.ActiveCfg = Release|x86
		{1B9330BE-739B-4F26-995D-D257DBBEA415}.Release|x64.ActiveCfg = Release|x86
		{1B9330BE-739B-4F26-995D-D257DBBEA415}.Release|x86.ActiveCfg = Release|x86
		{1B9330BE-739B-4F26-995D-D257DBBEA415}.Release|x86.Build.0 = Release|x86
		{1B9330BE-739B-4F26-995D-D257DBBEA415}.ReleaseVisual|Any CPU.ActiveCfg = Release|x86
		{1B9330BE-739B-4F26-995D-D257DBBEA415}.ReleaseVisual|Mixed Platforms.ActiveCfg = Release|x86
		{1B9330BE-739B-4F26-995D-D257DBBEA415}.ReleaseVisual|Mixed Platforms.Build.0 = Release|x86
		{1B9330BE-739B-4F26-995D-D257DBBEA415}.ReleaseVisual|Win32.ActiveCfg = Release|x86
		{1B9330BE-739B-4F26-995D-D257DBBEA415}.ReleaseVisual|x64.ActiveCfg = Release|x86
		{1B9330BE-739B-4F26-995D-D257DBBEA415}.ReleaseVisual|x86.ActiveCfg = Release|x86
		{1B9330BE-739B-4F26-995D-D257DBBEA415}.ReleaseVisual|x86.Build.0 = Release|x86
		{416F1E9A-E257-40AE-AFFE-3F97FECA24EF}.Debug|Any CPU.ActiveCfg = Debug|x86
		{416F1E9A-E257-40AE-AFFE-3F97FECA24EF}.Debug|Mixed Platforms.ActiveCfg = Debug|x86
		{416F1E9A-E257-40AE-AFFE-3F97FECA24EF}.Debug|Mixed Platforms.Build.0 = Debug|x86
		{416F1E9A-E257-40AE-AFFE-3F97FECA24EF}.Debug|Win32.ActiveCfg = Debug|x86
		{416F1E9A-E257-40AE-AFFE-3F97FECA24EF}.Debug|x64.ActiveCfg = Debug|x86
		{416F1E9A-E257-40AE-AFFE-3F97FECA24EF}.Debug|x86.ActiveCfg = Debug|x86
		{416F1E9A-E257-40AE-AFFE-3F97FECA24EF}.Debug|x86.Build.0 = Debug|x86
		{416F1E9A-E257-40AE-AFFE-3F97FECA24EF}.DebugVisual|Any CPU.ActiveCfg = Debug|x86
		{416F1E9A-E257-40AE-AFFE-3F97FECA24EF}.DebugVisual|Mixed Platforms.ActiveCfg = Debug|x86
		{416F1E9A-E257-40AE-AFFE-3F97FECA24EF}.DebugVisual|Mixed Platforms.Build.0 = Debug|x86
		{416F1E9A-E257-40AE-AFFE-3F97FECA24EF}.DebugVisual|Win32.ActiveCfg = Debug|x86
		{416F1E9A-E257-40AE-AFFE-3F97FECA24EF}.DebugVisual|x64.ActiveCfg = Debug|x86
		{416F1E9A-E257-40AE-AFFE-3F97FECA24EF}.DebugVisual|x86.ActiveCfg = Debug|x86
		{416F1E9A-E257-40AE-AFFE-3F97FECA24EF}.DebugVisual|x86.Build.0 = Debug|x86
		{416F1E9A-E257-40AE-AFFE-3F97FECA24EF}.Release|Any CPU.ActiveCfg = Release|x86
		{416F1E9A-E257-40AE-AFFE-3F97FECA24EF}.Release|Mixed Platforms.ActiveCfg = Release|x86
		{416F1E9A-E257-40AE-AFFE-3F97FECA24EF}.Release|Mixed Platforms.Build.0 = Release|x86
		{416F1E9A-E257-40AE-AFFE-3F97FECA24EF}.Release|Win32.ActiveCfg = Release|x86
		{416F1E9A-E257-40AE-AFFE-3F97FECA24EF}.Release|x64.ActiveCfg = Release|x86
		{416F1E9A-E257-40AE-AFFE-3F97FECA24EF}.Release|x86.ActiveCfg = Release|x86
		{416F1E9A-E257-40AE-AFFE-3F97FECA24EF}.Release|x86.Build.0 = Release|x86
		{416F1E9A-E257-40AE-AFFE-3F97FECA24EF}.ReleaseVisual|Any CPU.ActiveCfg = Release|x86
		{416F1E9A-E257-40AE-AFFE-3F97FECA24EF}.ReleaseVisual|Mixed Platforms.ActiveCfg = Release|x86
		{416F1E9A-E257-40AE-AFFE-3F97FECA24EF}.ReleaseVisual|Mixed Platforms.Build.0 = Release|x86
		{416F1E9A-E257-40AE-AFFE-3F97FECA24EF}.ReleaseVisual|Win32.ActiveCfg = Release|x86
		{416F1E9A-E257-40AE-AFFE-3F97FECA24EF}.ReleaseVisual|x64.ActiveCfg = Release|x86
		{416F1E9A-E257-40AE-AFFE-3F97FECA24EF}.ReleaseVisual|x86.ActiveCfg = Release|x86
		{416F1E9A-E257-40AE-AFFE-3F97FECA24EF}.ReleaseVisual|x86.Build.0 = Release|x86
		{9C127EDC-FE71-4214-83DA-76F0E2E7882E}.Debug|Any CPU.ActiveCfg = Debug|Any CPU
		{9C127EDC-FE71-4214-83DA-76F0E2E7882E}.Debug|Any CPU.Build.0 = Debug|Any CPU
		{9C127EDC-FE71-4214-83DA-76F0E2E7882E}.Debug|Mixed Platforms.ActiveCfg = Debug|Any CPU
		{9C127EDC-FE71-4214-83DA-76F0E2E7882E}.Debug|Mixed Platforms.Build.0 = Debug|Any CPU
		{9C127EDC-FE71-4214-83DA-76F0E2E7882E}.Debug|Win32.ActiveCfg = Debug|Any CPU
		{9C127EDC-FE71-4214-83DA-76F0E2E7882E}.Debug|x64.ActiveCfg = Debug|Any CPU
		{9C127EDC-FE71-4214-83DA-76F0E2E7882E}.Debug|x86.ActiveCfg = Debug|Any CPU
		{9C127EDC-FE71-4214-83DA-76F0E2E7882E}.DebugVisual|Any CPU.ActiveCfg = Debug|Any CPU
		{9C127EDC-FE71-4214-83DA-76F0E2E7882E}.DebugVisual|Mixed Platforms.ActiveCfg = Debug|Any CPU
		{9C127EDC-FE71-4214-83DA-76F0E2E7882E}.DebugVisual|Win32.ActiveCfg = Debug|Any CPU
		{9C127EDC-FE71-4214-83DA-76F0E2E7882E}.DebugVisual|x64.ActiveCfg = Debug|Any CPU
		{9C127EDC-FE71-4214-83DA-76F0E2E7882E}.DebugVisual|x86.ActiveCfg = Debug|Any CPU
		{9C127EDC-FE71-4214-83DA-76F0E2E7882E}.Release|Any CPU.ActiveCfg = Release|Any CPU
		{9C127EDC-FE71-4214-83DA-76F0E2E7882E}.Release|Any CPU.Build.0 = Release|Any CPU
		{9C127EDC-FE71-4214-83DA-76F0E2E7882E}.Release|Mixed Platforms.ActiveCfg = Release|Any CPU
		{9C127EDC-FE71-4214-83DA-76F0E2E7882E}.Release|Mixed Platforms.Build.0 = Release|Any CPU
		{9C127EDC-FE71-4214-83DA-76F0E2E7882E}.Release|Win32.ActiveCfg = Release|Any CPU
		{9C127EDC-FE71-4214-83DA-76F0E2E7882E}.Release|x64.ActiveCfg = Release|Any CPU
		{9C127EDC-FE71-4214-83DA-76F0E2E7882E}.Release|x86.ActiveCfg = Release|Any CPU
		{9C127EDC-FE71-4214-83DA-76F0E2E7882E}.ReleaseVisual|Any CPU.ActiveCfg = Release|Any CPU
		{9C127EDC-FE71-4214-83DA-76F0E2E7882E}.ReleaseVisual|Mixed Platforms.ActiveCfg = Release|Any CPU
		{9C127EDC-FE71-4214-83DA-76F0E2E7882E}.ReleaseVisual|Win32.ActiveCfg = Release|Any CPU
		{9C127EDC-FE71-4214-83DA-76F0E2E7882E}.ReleaseVisual|x64.ActiveCfg = Release|Any CPU
		{9C127EDC-FE71-4214-83DA-76F0E2E7882E}.ReleaseVisual|x86.ActiveCfg = Release|Any CPU
		{733C84E7-58F2-4E09-AC82-58AFD7E7BDD3}.Debug|Any CPU.ActiveCfg = Debug|Any CPU
		{733C84E7-58F2-4E09-AC82-58AFD7E7BDD3}.Debug|Any CPU.Build.0 = Debug|Any CPU
		{733C84E7-58F2-4E09-AC82-58AFD7E7BDD3}.Debug|Mixed Platforms.ActiveCfg = Debug|Any CPU
		{733C84E7-58F2-4E09-AC82-58AFD7E7BDD3}.Debug|Mixed Platforms.Build.0 = Debug|Any CPU
		{733C84E7-58F2-4E09-AC82-58AFD7E7BDD3}.Debug|Win32.ActiveCfg = Debug|Any CPU
		{733C84E7-58F2-4E09-AC82-58AFD7E7BDD3}.Debug|x64.ActiveCfg = Debug|Any CPU
		{733C84E7-58F2-4E09-AC82-58AFD7E7BDD3}.Debug|x86.ActiveCfg = Debug|Any CPU
		{733C84E7-58F2-4E09-AC82-58AFD7E7BDD3}.DebugVisual|Any CPU.ActiveCfg = Debug|Any CPU
		{733C84E7-58F2-4E09-AC82-58AFD7E7BDD3}.DebugVisual|Mixed Platforms.ActiveCfg = Debug|Any CPU
		{733C84E7-58F2-4E09-AC82-58AFD7E7BDD3}.DebugVisual|Win32.ActiveCfg = Debug|Any CPU
		{733C84E7-58F2-4E09-AC82-58AFD7E7BDD3}.DebugVisual|x64.ActiveCfg = Debug|Any CPU
		{733C84E7-58F2-4E09-AC82-58AFD7E7BDD3}.DebugVisual|x86.ActiveCfg = Debug|Any CPU
		{733C84E7-58F2-4E09-AC82-58AFD7E7BDD3}.Release|Any CPU.ActiveCfg = Release|Any CPU
		{733C84E7-58F2-4E09-AC82-58AFD7E7BDD3}.Release|Any CPU.Build.0 = Release|Any CPU
		{733C84E7-58F2-4E09-AC82-58AFD7E7BDD3}.Release|Mixed Platforms.ActiveCfg = Release|Any CPU
		{733C84E7-58F2-4E09-AC82-58AFD7E7BDD3}.Release|Mixed Platforms.Build.0 = Release|Any CPU
		{733C84E7-58F2-4E09-AC82-58AFD7E7BDD3}.Release|Win32.ActiveCfg = Release|Any CPU
		{733C84E7-58F2-4E09-AC82-58AFD7E7BDD3}.Release|x64.ActiveCfg = Release|Any CPU
		{733C84E7-58F2-4E09-AC82-58AFD7E7BDD3}.Release|x86.ActiveCfg = Release|Any CPU
		{733C84E7-58F2-4E09-AC82-58AFD7E7BDD3}.ReleaseVisual|Any CPU.ActiveCfg = Release|Any CPU
		{733C84E7-58F2-4E09-AC82-58AFD7E7BDD3}.ReleaseVisual|Mixed Platforms.ActiveCfg = Release|Any CPU
		{733C84E7-58F2-4E09-AC82-58AFD7E7BDD3}.ReleaseVisual|Win32.ActiveCfg = Release|Any CPU
		{733C84E7-58F2-4E09-AC82-58AFD7E7BDD3}.ReleaseVisual|x64.ActiveCfg = Release|Any CPU
		{733C84E7-58F2-4E09-AC82-58AFD7E7BDD3}.ReleaseVisual|x86.ActiveCfg = Release|Any CPU
		{D0708045-6CCA-4764-B438-A2D6E8635978}.Debug|Any CPU.ActiveCfg = Debug|Any CPU
		{D0708045-6CCA-4764-B438-A2D6E8635978}.Debug|Any CPU.Build.0 = Debug|Any CPU
		{D0708045-6CCA-4764-B438-A2D6E8635978}.Debug|Mixed Platforms.ActiveCfg = Debug|Any CPU
		{D0708045-6CCA-4764-B438-A2D6E8635978}.Debug|Mixed Platforms.Build.0 = Debug|Any CPU
		{D0708045-6CCA-4764-B438-A2D6E8635978}.Debug|Win32.ActiveCfg = Debug|Any CPU
		{D0708045-6CCA-4764-B438-A2D6E8635978}.Debug|x64.ActiveCfg = Debug|Any CPU
		{D0708045-6CCA-4764-B438-A2D6E8635978}.Debug|x86.ActiveCfg = Debug|x86
		{D0708045-6CCA-4764-B438-A2D6E8635978}.Debug|x86.Build.0 = Debug|x86
		{D0708045-6CCA-4764-B438-A2D6E8635978}.DebugVisual|Any CPU.ActiveCfg = Debug|Any CPU
		{D0708045-6CCA-4764-B438-A2D6E8635978}.DebugVisual|Any CPU.Build.0 = Debug|Any CPU
		{D0708045-6CCA-4764-B438-A2D6E8635978}.DebugVisual|Mixed Platforms.ActiveCfg = Debug|x86
		{D0708045-6CCA-4764-B438-A2D6E8635978}.DebugVisual|Mixed Platforms.Build.0 = Debug|x86
		{D0708045-6CCA-4764-B438-A2D6E8635978}.DebugVisual|Win32.ActiveCfg = Debug|Any CPU
		{D0708045-6CCA-4764-B438-A2D6E8635978}.DebugVisual|x64.ActiveCfg = Debug|Any CPU
		{D0708045-6CCA-4764-B438-A2D6E8635978}.DebugVisual|x86.ActiveCfg = Debug|x86
		{D0708045-6CCA-4764-B438-A2D6E8635978}.DebugVisual|x86.Build.0 = Debug|x86
		{D0708045-6CCA-4764-B438-A2D6E8635978}.Release|Any CPU.ActiveCfg = Release|Any CPU
		{D0708045-6CCA-4764-B438-A2D6E8635978}.Release|Any CPU.Build.0 = Release|Any CPU
		{D0708045-6CCA-4764-B438-A2D6E8635978}.Release|Mixed Platforms.ActiveCfg = Release|Any CPU
		{D0708045-6CCA-4764-B438-A2D6E8635978}.Release|Mixed Platforms.Build.0 = Release|Any CPU
		{D0708045-6CCA-4764-B438-A2D6E8635978}.Release|Win32.ActiveCfg = Release|Any CPU
		{D0708045-6CCA-4764-B438-A2D6E8635978}.Release|x64.ActiveCfg = Release|Any CPU
		{D0708045-6CCA-4764-B438-A2D6E8635978}.Release|x86.ActiveCfg = Release|Any CPU
		{D0708045-6CCA-4764-B438-A2D6E8635978}.ReleaseVisual|Any CPU.ActiveCfg = Release|Any CPU
		{D0708045-6CCA-4764-B438-A2D6E8635978}.ReleaseVisual|Any CPU.Build.0 = Release|Any CPU
		{D0708045-6CCA-4764-B438-A2D6E8635978}.ReleaseVisual|Mixed Platforms.ActiveCfg = Release|Any CPU
		{D0708045-6CCA-4764-B438-A2D6E8635978}.ReleaseVisual|Mixed Platforms.Build.0 = Release|Any CPU
		{D0708045-6CCA-4764-B438-A2D6E8635978}.ReleaseVisual|Win32.ActiveCfg = Release|Any CPU
		{D0708045-6CCA-4764-B438-A2D6E8635978}.ReleaseVisual|x64.ActiveCfg = Release|Any CPU
		{D0708045-6CCA-4764-B438-A2D6E8635978}.ReleaseVisual|x86.ActiveCfg = Release|Any CPU
		{C04A5541-444E-4312-97E7-F66457F87EF8}.Debug|Any CPU.ActiveCfg = Debug|Any CPU
		{C04A5541-444E-4312-97E7-F66457F87EF8}.Debug|Any CPU.Build.0 = Debug|Any CPU
		{C04A5541-444E-4312-97E7-F66457F87EF8}.Debug|Mixed Platforms.ActiveCfg = Debug|Any CPU
		{C04A5541-444E-4312-97E7-F66457F87EF8}.Debug|Mixed Platforms.Build.0 = Debug|Any CPU
		{C04A5541-444E-4312-97E7-F66457F87EF8}.Debug|Win32.ActiveCfg = Debug|Any CPU
		{C04A5541-444E-4312-97E7-F66457F87EF8}.Debug|x64.ActiveCfg = Debug|Any CPU
		{C04A5541-444E-4312-97E7-F66457F87EF8}.Debug|x86.ActiveCfg = Debug|x86
		{C04A5541-444E-4312-97E7-F66457F87EF8}.Debug|x86.Build.0 = Debug|x86
		{C04A5541-444E-4312-97E7-F66457F87EF8}.DebugVisual|Any CPU.ActiveCfg = Debug|Any CPU
		{C04A5541-444E-4312-97E7-F66457F87EF8}.DebugVisual|Any CPU.Build.0 = Debug|Any CPU
		{C04A5541-444E-4312-97E7-F66457F87EF8}.DebugVisual|Mixed Platforms.ActiveCfg = Debug|x86
		{C04A5541-444E-4312-97E7-F66457F87EF8}.DebugVisual|Mixed Platforms.Build.0 = Debug|x86
		{C04A5541-444E-4312-97E7-F66457F87EF8}.DebugVisual|Win32.ActiveCfg = Debug|Any CPU
		{C04A5541-444E-4312-97E7-F66457F87EF8}.DebugVisual|x64.ActiveCfg = Debug|Any CPU
		{C04A5541-444E-4312-97E7-F66457F87EF8}.DebugVisual|x86.ActiveCfg = Debug|x86
		{C04A5541-444E-4312-97E7-F66457F87EF8}.DebugVisual|x86.Build.0 = Debug|x86
		{C04A5541-444E-4312-97E7-F66457F87EF8}.Release|Any CPU.ActiveCfg = Release|Any CPU
		{C04A5541-444E-4312-97E7-F66457F87EF8}.Release|Any CPU.Build.0 = Release|Any CPU
		{C04A5541-444E-4312-97E7-F66457F87EF8}.Release|Mixed Platforms.ActiveCfg = Release|Any CPU
		{C04A5541-444E-4312-97E7-F66457F87EF8}.Release|Mixed Platforms.Build.0 = Release|Any CPU
		{C04A5541-444E-4312-97E7-F66457F87EF8}.Release|Win32.ActiveCfg = Release|Any CPU
		{C04A5541-444E-4312-97E7-F66457F87EF8}.Release|x64.ActiveCfg = Release|Any CPU
		{C04A5541-444E-4312-97E7-F66457F87EF8}.Release|x86.ActiveCfg = Release|Any CPU
		{C04A5541-444E-4312-97E7-F66457F87EF8}.ReleaseVisual|Any CPU.ActiveCfg = Release|Any CPU
		{C04A5541-444E-4312-97E7-F66457F87EF8}.ReleaseVisual|Any CPU.Build.0 = Release|Any CPU
		{C04A5541-444E-4312-97E7-F66457F87EF8}.ReleaseVisual|Mixed Platforms.ActiveCfg = Release|Any CPU
		{C04A5541-444E-4312-97E7-F66457F87EF8}.ReleaseVisual|Mixed Platforms.Build.0 = Release|Any CPU
		{C04A5541-444E-4312-97E7-F66457F87EF8}.ReleaseVisual|Win32.ActiveCfg = Release|Any CPU
		{C04A5541-444E-4312-97E7-F66457F87EF8}.ReleaseVisual|x64.ActiveCfg = Release|Any CPU
		{C04A5541-444E-4312-97E7-F66457F87EF8}.ReleaseVisual|x86.ActiveCfg = Release|Any CPU
		{D9D475BF-C0EE-4DF6-89A3-55199BB32ABE}.Debug|Any CPU.ActiveCfg = Debug|Any CPU
		{D9D475BF-C0EE-4DF6-89A3-55199BB32ABE}.Debug|Any CPU.Build.0 = Debug|Any CPU
		{D9D475BF-C0EE-4DF6-89A3-55199BB32ABE}.Debug|Mixed Platforms.ActiveCfg = Debug|Any CPU
		{D9D475BF-C0EE-4DF6-89A3-55199BB32ABE}.Debug|Mixed Platforms.Build.0 = Debug|Any CPU
		{D9D475BF-C0EE-4DF6-89A3-55199BB32ABE}.Debug|Win32.ActiveCfg = Debug|Any CPU
		{D9D475BF-C0EE-4DF6-89A3-55199BB32ABE}.Debug|x64.ActiveCfg = Debug|Any CPU
		{D9D475BF-C0EE-4DF6-89A3-55199BB32ABE}.Debug|x86.ActiveCfg = Debug|x86
		{D9D475BF-C0EE-4DF6-89A3-55199BB32ABE}.Debug|x86.Build.0 = Debug|x86
		{D9D475BF-C0EE-4DF6-89A3-55199BB32ABE}.DebugVisual|Any CPU.ActiveCfg = Debug|Any CPU
		{D9D475BF-C0EE-4DF6-89A3-55199BB32ABE}.DebugVisual|Any CPU.Build.0 = Debug|Any CPU
		{D9D475BF-C0EE-4DF6-89A3-55199BB32ABE}.DebugVisual|Mixed Platforms.ActiveCfg = Debug|x86
		{D9D475BF-C0EE-4DF6-89A3-55199BB32ABE}.DebugVisual|Mixed Platforms.Build.0 = Debug|x86
		{D9D475BF-C0EE-4DF6-89A3-55199BB32ABE}.DebugVisual|Win32.ActiveCfg = Debug|Any CPU
		{D9D475BF-C0EE-4DF6-89A3-55199BB32ABE}.DebugVisual|x64.ActiveCfg = Debug|Any CPU
		{D9D475BF-C0EE-4DF6-89A3-55199BB32ABE}.DebugVisual|x86.ActiveCfg = Debug|x86
		{D9D475BF-C0EE-4DF6-89A3-55199BB32ABE}.DebugVisual|x86.Build.0 = Debug|x86
		{D9D475BF-C0EE-4DF6-89A3-55199BB32ABE}.Release|Any CPU.ActiveCfg = Release|Any CPU
		{D9D475BF-C0EE-4DF6-89A3-55199BB32ABE}.Release|Any CPU.Build.0 = Release|Any CPU
		{D9D475BF-C0EE-4DF6-89A3-55199BB32ABE}.Release|Mixed Platforms.ActiveCfg = Release|Any CPU
		{D9D475BF-C0EE-4DF6-89A3-55199BB32ABE}.Release|Mixed Platforms.Build.0 = Release|Any CPU
		{D9D475BF-C0EE-4DF6-89A3-55199BB32ABE}.Release|Win32.ActiveCfg = Release|Any CPU
		{D9D475BF-C0EE-4DF6-89A3-55199BB32ABE}.Release|x64.ActiveCfg = Release|Any CPU
		{D9D475BF-C0EE-4DF6-89A3-55199BB32ABE}.Release|x86.ActiveCfg = Release|Any CPU
		{D9D475BF-C0EE-4DF6-89A3-55199BB32ABE}.ReleaseVisual|Any CPU.ActiveCfg = Release|Any CPU
		{D9D475BF-C0EE-4DF6-89A3-55199BB32ABE}.ReleaseVisual|Any CPU.Build.0 = Release|Any CPU
		{D9D475BF-C0EE-4DF6-89A3-55199BB32ABE}.ReleaseVisual|Mixed Platforms.ActiveCfg = Release|Any CPU
		{D9D475BF-C0EE-4DF6-89A3-55199BB32ABE}.ReleaseVisual|Mixed Platforms.Build.0 = Release|Any CPU
		{D9D475BF-C0EE-4DF6-89A3-55199BB32ABE}.ReleaseVisual|Win32.ActiveCfg = Release|Any CPU
		{D9D475BF-C0EE-4DF6-89A3-55199BB32ABE}.ReleaseVisual|x64.ActiveCfg = Release|Any CPU
		{D9D475BF-C0EE-4DF6-89A3-55199BB32ABE}.ReleaseVisual|x86.ActiveCfg = Release|Any CPU
		{658BEBF5-DFBA-4CE8-BFCF-0BD21EFA23D1}.Debug|Any CPU.ActiveCfg = Debug|Any CPU
		{658BEBF5-DFBA-4CE8-BFCF-0BD21EFA23D1}.Debug|Any CPU.Build.0 = Debug|Any CPU
		{658BEBF5-DFBA-4CE8-BFCF-0BD21EFA23D1}.Debug|Mixed Platforms.ActiveCfg = Debug|Any CPU
		{658BEBF5-DFBA-4CE8-BFCF-0BD21EFA23D1}.Debug|Win32.ActiveCfg = Debug|Any CPU
		{658BEBF5-DFBA-4CE8-BFCF-0BD21EFA23D1}.Debug|x64.ActiveCfg = Debug|Any CPU
		{658BEBF5-DFBA-4CE8-BFCF-0BD21EFA23D1}.Debug|x86.ActiveCfg = Debug|x86
		{658BEBF5-DFBA-4CE8-BFCF-0BD21EFA23D1}.DebugVisual|Any CPU.ActiveCfg = Debug|Any CPU
		{658BEBF5-DFBA-4CE8-BFCF-0BD21EFA23D1}.DebugVisual|Any CPU.Build.0 = Debug|Any CPU
		{658BEBF5-DFBA-4CE8-BFCF-0BD21EFA23D1}.DebugVisual|Mixed Platforms.ActiveCfg = Debug|Any CPU
		{658BEBF5-DFBA-4CE8-BFCF-0BD21EFA23D1}.DebugVisual|Mixed Platforms.Build.0 = Debug|Any CPU
		{658BEBF5-DFBA-4CE8-BFCF-0BD21EFA23D1}.DebugVisual|Win32.ActiveCfg = Debug|Any CPU
		{658BEBF5-DFBA-4CE8-BFCF-0BD21EFA23D1}.DebugVisual|x64.ActiveCfg = Debug|Any CPU
		{658BEBF5-DFBA-4CE8-BFCF-0BD21EFA23D1}.DebugVisual|x86.ActiveCfg = Debug|Any CPU
		{658BEBF5-DFBA-4CE8-BFCF-0BD21EFA23D1}.Release|Any CPU.ActiveCfg = Release|Any CPU
		{658BEBF5-DFBA-4CE8-BFCF-0BD21EFA23D1}.Release|Any CPU.Build.0 = Release|Any CPU
		{658BEBF5-DFBA-4CE8-BFCF-0BD21EFA23D1}.Release|Mixed Platforms.ActiveCfg = Release|Any CPU
		{658BEBF5-DFBA-4CE8-BFCF-0BD21EFA23D1}.Release|Win32.ActiveCfg = Release|Any CPU
		{658BEBF5-DFBA-4CE8-BFCF-0BD21EFA23D1}.Release|x64.ActiveCfg = Release|Any CPU
		{658BEBF5-DFBA-4CE8-BFCF-0BD21EFA23D1}.Release|x86.ActiveCfg = Release|Any CPU
		{658BEBF5-DFBA-4CE8-BFCF-0BD21EFA23D1}.ReleaseVisual|Any CPU.ActiveCfg = Release|Any CPU
		{658BEBF5-DFBA-4CE8-BFCF-0BD21EFA23D1}.ReleaseVisual|Any CPU.Build.0 = Release|Any CPU
		{658BEBF5-DFBA-4CE8-BFCF-0BD21EFA23D1}.ReleaseVisual|Mixed Platforms.ActiveCfg = Release|Any CPU
		{658BEBF5-DFBA-4CE8-BFCF-0BD21EFA23D1}.ReleaseVisual|Mixed Platforms.Build.0 = Release|Any CPU
		{658BEBF5-DFBA-4CE8-BFCF-0BD21EFA23D1}.ReleaseVisual|Win32.ActiveCfg = Release|Any CPU
		{658BEBF5-DFBA-4CE8-BFCF-0BD21EFA23D1}.ReleaseVisual|x64.ActiveCfg = Release|Any CPU
		{658BEBF5-DFBA-4CE8-BFCF-0BD21EFA23D1}.ReleaseVisual|x86.ActiveCfg = Release|Any CPU
		{0C11639E-BC1A-4A0B-853B-2ABC822A2208}.Debug|Any CPU.ActiveCfg = Debug|x86
		{0C11639E-BC1A-4A0B-853B-2ABC822A2208}.Debug|Mixed Platforms.ActiveCfg = Debug|x86
		{0C11639E-BC1A-4A0B-853B-2ABC822A2208}.Debug|Mixed Platforms.Build.0 = Debug|x86
		{0C11639E-BC1A-4A0B-853B-2ABC822A2208}.Debug|Win32.ActiveCfg = Debug|x86
		{0C11639E-BC1A-4A0B-853B-2ABC822A2208}.Debug|x64.ActiveCfg = Debug|x86
		{0C11639E-BC1A-4A0B-853B-2ABC822A2208}.Debug|x86.ActiveCfg = Debug|x86
		{0C11639E-BC1A-4A0B-853B-2ABC822A2208}.Debug|x86.Build.0 = Debug|x86
		{0C11639E-BC1A-4A0B-853B-2ABC822A2208}.DebugVisual|Any CPU.ActiveCfg = Debug|x86
		{0C11639E-BC1A-4A0B-853B-2ABC822A2208}.DebugVisual|Mixed Platforms.ActiveCfg = Debug|x86
		{0C11639E-BC1A-4A0B-853B-2ABC822A2208}.DebugVisual|Mixed Platforms.Build.0 = Debug|x86
		{0C11639E-BC1A-4A0B-853B-2ABC822A2208}.DebugVisual|Win32.ActiveCfg = Debug|x86
		{0C11639E-BC1A-4A0B-853B-2ABC822A2208}.DebugVisual|x64.ActiveCfg = Debug|x86
		{0C11639E-BC1A-4A0B-853B-2ABC822A2208}.DebugVisual|x86.ActiveCfg = Debug|x86
		{0C11639E-BC1A-4A0B-853B-2ABC822A2208}.DebugVisual|x86.Build.0 = Debug|x86
		{0C11639E-BC1A-4A0B-853B-2ABC822A2208}.Release|Any CPU.ActiveCfg = Release|x86
		{0C11639E-BC1A-4A0B-853B-2ABC822A2208}.Release|Mixed Platforms.ActiveCfg = Release|x86
		{0C11639E-BC1A-4A0B-853B-2ABC822A2208}.Release|Mixed Platforms.Build.0 = Release|x86
		{0C11639E-BC1A-4A0B-853B-2ABC822A2208}.Release|Win32.ActiveCfg = Release|x86
		{0C11639E-BC1A-4A0B-853B-2ABC822A2208}.Release|x64.ActiveCfg = Release|x86
		{0C11639E-BC1A-4A0B-853B-2ABC822A2208}.Release|x86.ActiveCfg = Release|x86
		{0C11639E-BC1A-4A0B-853B-2ABC822A2208}.Release|x86.Build.0 = Release|x86
		{0C11639E-BC1A-4A0B-853B-2ABC822A2208}.ReleaseVisual|Any CPU.ActiveCfg = Release|x86
		{0C11639E-BC1A-4A0B-853B-2ABC822A2208}.ReleaseVisual|Mixed Platforms.ActiveCfg = Release|x86
		{0C11639E-BC1A-4A0B-853B-2ABC822A2208}.ReleaseVisual|Mixed Platforms.Build.0 = Release|x86
		{0C11639E-BC1A-4A0B-853B-2ABC822A2208}.ReleaseVisual|Win32.ActiveCfg = Release|x86
		{0C11639E-BC1A-4A0B-853B-2ABC822A2208}.ReleaseVisual|x64.ActiveCfg = Release|x86
		{0C11639E-BC1A-4A0B-853B-2ABC822A2208}.ReleaseVisual|x86.ActiveCfg = Release|x86
		{0C11639E-BC1A-4A0B-853B-2ABC822A2208}.ReleaseVisual|x86.Build.0 = Release|x86
		{042ED172-0C2C-4EA3-B377-4AD39B95DB9E}.Debug|Any CPU.ActiveCfg = Debug|x86
		{042ED172-0C2C-4EA3-B377-4AD39B95DB9E}.Debug|Mixed Platforms.ActiveCfg = Debug|x86
		{042ED172-0C2C-4EA3-B377-4AD39B95DB9E}.Debug|Mixed Platforms.Build.0 = Debug|x86
		{042ED172-0C2C-4EA3-B377-4AD39B95DB9E}.Debug|Win32.ActiveCfg = Debug|x86
		{042ED172-0C2C-4EA3-B377-4AD39B95DB9E}.Debug|x64.ActiveCfg = Debug|x86
		{042ED172-0C2C-4EA3-B377-4AD39B95DB9E}.Debug|x86.ActiveCfg = Debug|x86
		{042ED172-0C2C-4EA3-B377-4AD39B95DB9E}.DebugVisual|Any CPU.ActiveCfg = Debug|x86
		{042ED172-0C2C-4EA3-B377-4AD39B95DB9E}.DebugVisual|Mixed Platforms.ActiveCfg = Debug|x86
		{042ED172-0C2C-4EA3-B377-4AD39B95DB9E}.DebugVisual|Mixed Platforms.Build.0 = Debug|x86
		{042ED172-0C2C-4EA3-B377-4AD39B95DB9E}.DebugVisual|Win32.ActiveCfg = Debug|x86
		{042ED172-0C2C-4EA3-B377-4AD39B95DB9E}.DebugVisual|x64.ActiveCfg = Debug|x86
		{042ED172-0C2C-4EA3-B377-4AD39B95DB9E}.DebugVisual|x86.ActiveCfg = Debug|x86
		{042ED172-0C2C-4EA3-B377-4AD39B95DB9E}.DebugVisual|x86.Build.0 = Debug|x86
		{042ED172-0C2C-4EA3-B377-4AD39B95DB9E}.Release|Any CPU.ActiveCfg = Release|x86
		{042ED172-0C2C-4EA3-B377-4AD39B95DB9E}.Release|Mixed Platforms.ActiveCfg = Release|x86
		{042ED172-0C2C-4EA3-B377-4AD39B95DB9E}.Release|Mixed Platforms.Build.0 = Release|x86
		{042ED172-0C2C-4EA3-B377-4AD39B95DB9E}.Release|Win32.ActiveCfg = Release|x86
		{042ED172-0C2C-4EA3-B377-4AD39B95DB9E}.Release|x64.ActiveCfg = Release|x86
		{042ED172-0C2C-4EA3-B377-4AD39B95DB9E}.Release|x86.ActiveCfg = Release|x86
		{042ED172-0C2C-4EA3-B377-4AD39B95DB9E}.Release|x86.Build.0 = Release|x86
		{042ED172-0C2C-4EA3-B377-4AD39B95DB9E}.ReleaseVisual|Any CPU.ActiveCfg = Release|x86
		{042ED172-0C2C-4EA3-B377-4AD39B95DB9E}.ReleaseVisual|Mixed Platforms.ActiveCfg = Release|x86
		{042ED172-0C2C-4EA3-B377-4AD39B95DB9E}.ReleaseVisual|Mixed Platforms.Build.0 = Release|x86
		{042ED172-0C2C-4EA3-B377-4AD39B95DB9E}.ReleaseVisual|Win32.ActiveCfg = Release|x86
		{042ED172-0C2C-4EA3-B377-4AD39B95DB9E}.ReleaseVisual|x64.ActiveCfg = Release|x86
		{042ED172-0C2C-4EA3-B377-4AD39B95DB9E}.ReleaseVisual|x86.ActiveCfg = Release|x86
		{042ED172-0C2C-4EA3-B377-4AD39B95DB9E}.ReleaseVisual|x86.Build.0 = Release|x86
		{FE0EAF99-0485-4B17-BFCD-D5D9A2890DB3}.Debug|Any CPU.ActiveCfg = Debug|x86
		{FE0EAF99-0485-4B17-BFCD-D5D9A2890DB3}.Debug|Mixed Platforms.ActiveCfg = Debug|x86
		{FE0EAF99-0485-4B17-BFCD-D5D9A2890DB3}.Debug|Mixed Platforms.Build.0 = Debug|x86
		{FE0EAF99-0485-4B17-BFCD-D5D9A2890DB3}.Debug|Win32.ActiveCfg = Debug|x86
		{FE0EAF99-0485-4B17-BFCD-D5D9A2890DB3}.Debug|x64.ActiveCfg = Debug|x86
		{FE0EAF99-0485-4B17-BFCD-D5D9A2890DB3}.Debug|x86.ActiveCfg = Debug|x86
		{FE0EAF99-0485-4B17-BFCD-D5D9A2890DB3}.Debug|x86.Build.0 = Debug|x86
		{FE0EAF99-0485-4B17-BFCD-D5D9A2890DB3}.DebugVisual|Any CPU.ActiveCfg = Debug|x86
		{FE0EAF99-0485-4B17-BFCD-D5D9A2890DB3}.DebugVisual|Mixed Platforms.ActiveCfg = Debug|x86
		{FE0EAF99-0485-4B17-BFCD-D5D9A2890DB3}.DebugVisual|Mixed Platforms.Build.0 = Debug|x86
		{FE0EAF99-0485-4B17-BFCD-D5D9A2890DB3}.DebugVisual|Win32.ActiveCfg = Debug|x86
		{FE0EAF99-0485-4B17-BFCD-D5D9A2890DB3}.DebugVisual|x64.ActiveCfg = Debug|x86
		{FE0EAF99-0485-4B17-BFCD-D5D9A2890DB3}.DebugVisual|x86.ActiveCfg = Debug|x86
		{FE0EAF99-0485-4B17-BFCD-D5D9A2890DB3}.DebugVisual|x86.Build.0 = Debug|x86
		{FE0EAF99-0485-4B17-BFCD-D5D9A2890DB3}.Release|Any CPU.ActiveCfg = Release|x86
		{FE0EAF99-0485-4B17-BFCD-D5D9A2890DB3}.Release|Mixed Platforms.ActiveCfg = Release|x86
		{FE0EAF99-0485-4B17-BFCD-D5D9A2890DB3}.Release|Mixed Platforms.Build.0 = Release|x86
		{FE0EAF99-0485-4B17-BFCD-D5D9A2890DB3}.Release|Win32.ActiveCfg = Release|x86
		{FE0EAF99-0485-4B17-BFCD-D5D9A2890DB3}.Release|x64.ActiveCfg = Release|x86
		{FE0EAF99-0485-4B17-BFCD-D5D9A2890DB3}.Release|x86.ActiveCfg = Release|x86
		{FE0EAF99-0485-4B17-BFCD-D5D9A2890DB3}.Release|x86.Build.0 = Release|x86
		{FE0EAF99-0485-4B17-BFCD-D5D9A2890DB3}.ReleaseVisual|Any CPU.ActiveCfg = Release|x86
		{FE0EAF99-0485-4B17-BFCD-D5D9A2890DB3}.ReleaseVisual|Mixed Platforms.ActiveCfg = Release|x86
		{FE0EAF99-0485-4B17-BFCD-D5D9A2890DB3}.ReleaseVisual|Mixed Platforms.Build.0 = Release|x86
		{FE0EAF99-0485-4B17-BFCD-D5D9A2890DB3}.ReleaseVisual|Win32.ActiveCfg = Release|x86
		{FE0EAF99-0485-4B17-BFCD-D5D9A2890DB3}.ReleaseVisual|x64.ActiveCfg = Release|x86
		{FE0EAF99-0485-4B17-BFCD-D5D9A2890DB3}.ReleaseVisual|x86.ActiveCfg = Release|x86
		{FE0EAF99-0485-4B17-BFCD-D5D9A2890DB3}.ReleaseVisual|x86.Build.0 = Release|x86
		{D1978D10-E5B0-40F9-BDB7-11BF03C7A6CB}.Debug|Any CPU.ActiveCfg = Debug|Any CPU
		{D1978D10-E5B0-40F9-BDB7-11BF03C7A6CB}.Debug|Any CPU.Build.0 = Debug|Any CPU
		{D1978D10-E5B0-40F9-BDB7-11BF03C7A6CB}.Debug|Mixed Platforms.ActiveCfg = Debug|Any CPU
		{D1978D10-E5B0-40F9-BDB7-11BF03C7A6CB}.Debug|Mixed Platforms.Build.0 = Debug|Any CPU
		{D1978D10-E5B0-40F9-BDB7-11BF03C7A6CB}.Debug|Win32.ActiveCfg = Debug|Any CPU
		{D1978D10-E5B0-40F9-BDB7-11BF03C7A6CB}.Debug|x64.ActiveCfg = Debug|Any CPU
		{D1978D10-E5B0-40F9-BDB7-11BF03C7A6CB}.Debug|x86.ActiveCfg = Debug|x86
		{D1978D10-E5B0-40F9-BDB7-11BF03C7A6CB}.Debug|x86.Build.0 = Debug|x86
		{D1978D10-E5B0-40F9-BDB7-11BF03C7A6CB}.DebugVisual|Any CPU.ActiveCfg = Debug|Any CPU
		{D1978D10-E5B0-40F9-BDB7-11BF03C7A6CB}.DebugVisual|Any CPU.Build.0 = Debug|Any CPU
		{D1978D10-E5B0-40F9-BDB7-11BF03C7A6CB}.DebugVisual|Mixed Platforms.ActiveCfg = Debug|Any CPU
		{D1978D10-E5B0-40F9-BDB7-11BF03C7A6CB}.DebugVisual|Mixed Platforms.Build.0 = Debug|Any CPU
		{D1978D10-E5B0-40F9-BDB7-11BF03C7A6CB}.DebugVisual|Win32.ActiveCfg = Debug|Any CPU
		{D1978D10-E5B0-40F9-BDB7-11BF03C7A6CB}.DebugVisual|x64.ActiveCfg = Debug|Any CPU
		{D1978D10-E5B0-40F9-BDB7-11BF03C7A6CB}.DebugVisual|x86.ActiveCfg = Debug|Any CPU
		{D1978D10-E5B0-40F9-BDB7-11BF03C7A6CB}.Release|Any CPU.ActiveCfg = Release|Any CPU
		{D1978D10-E5B0-40F9-BDB7-11BF03C7A6CB}.Release|Any CPU.Build.0 = Release|Any CPU
		{D1978D10-E5B0-40F9-BDB7-11BF03C7A6CB}.Release|Mixed Platforms.ActiveCfg = Release|Any CPU
		{D1978D10-E5B0-40F9-BDB7-11BF03C7A6CB}.Release|Mixed Platforms.Build.0 = Release|Any CPU
		{D1978D10-E5B0-40F9-BDB7-11BF03C7A6CB}.Release|Win32.ActiveCfg = Release|Any CPU
		{D1978D10-E5B0-40F9-BDB7-11BF03C7A6CB}.Release|x64.ActiveCfg = Release|Any CPU
		{D1978D10-E5B0-40F9-BDB7-11BF03C7A6CB}.Release|x86.ActiveCfg = Release|Any CPU
		{D1978D10-E5B0-40F9-BDB7-11BF03C7A6CB}.ReleaseVisual|Any CPU.ActiveCfg = Release|Any CPU
		{D1978D10-E5B0-40F9-BDB7-11BF03C7A6CB}.ReleaseVisual|Any CPU.Build.0 = Release|Any CPU
		{D1978D10-E5B0-40F9-BDB7-11BF03C7A6CB}.ReleaseVisual|Mixed Platforms.ActiveCfg = Release|Any CPU
		{D1978D10-E5B0-40F9-BDB7-11BF03C7A6CB}.ReleaseVisual|Mixed Platforms.Build.0 = Release|Any CPU
		{D1978D10-E5B0-40F9-BDB7-11BF03C7A6CB}.ReleaseVisual|Win32.ActiveCfg = Release|Any CPU
		{D1978D10-E5B0-40F9-BDB7-11BF03C7A6CB}.ReleaseVisual|x64.ActiveCfg = Release|Any CPU
		{D1978D10-E5B0-40F9-BDB7-11BF03C7A6CB}.ReleaseVisual|x86.ActiveCfg = Release|Any CPU
	EndGlobalSection
	GlobalSection(SolutionProperties) = preSolution
		HideSolutionNode = FALSE
	EndGlobalSection
EndGlobal
